// !$*UTF8*$!
{
	archiveVersion = 1;
	classes = {
	};
	objectVersion = 46;
	objects = {

/* Begin PBXBuildFile section */
		3C003CAF171BCF7700D1EE4F /* OpenCV.framework in Frameworks */ = {isa = PBXBuildFile; fileRef = 3C003CAE171BCF7600D1EE4F /* OpenCV.framework */; };
		3CAB00C71750292400FC6CC1 /* FrameViewController.mm in Sources */ = {isa = PBXBuildFile; fileRef = 3CAB00C51750292400FC6CC1 /* FrameViewController.mm */; };
		3CAB00C81750292400FC6CC1 /* FrameViewController.xib in Resources */ = {isa = PBXBuildFile; fileRef = 3CAB00C61750292400FC6CC1 /* FrameViewController.xib */; };
		3CAB00CB1750332A00FC6CC1 /* beep-7.mp3 in Resources */ = {isa = PBXBuildFile; fileRef = 3CAB00CA1750332A00FC6CC1 /* beep-7.mp3 */; };
		3CAB015F1750421400FC6CC1 /* Canny.cpp in Sources */ = {isa = PBXBuildFile; fileRef = 3CAB012F1750421300FC6CC1 /* Canny.cpp */; settings = {COMPILER_FLAGS = "-fno-objc-arc"; }; };
		3CAB01601750421400FC6CC1 /* ClassifierABC.cpp in Sources */ = {isa = PBXBuildFile; fileRef = 3CAB01311750421400FC6CC1 /* ClassifierABC.cpp */; settings = {COMPILER_FLAGS = "-fno-objc-arc"; }; };
		3CAB01611750421400FC6CC1 /* ColorSpace.cpp in Sources */ = {isa = PBXBuildFile; fileRef = 3CAB01321750421400FC6CC1 /* ColorSpace.cpp */; settings = {COMPILER_FLAGS = "-fno-objc-arc"; }; };
		3CAB01621750421400FC6CC1 /* Contours.cpp in Sources */ = {isa = PBXBuildFile; fileRef = 3CAB01331750421400FC6CC1 /* Contours.cpp */; settings = {COMPILER_FLAGS = "-fno-objc-arc"; }; };
		3CAB01631750421400FC6CC1 /* DataSet.cpp in Sources */ = {isa = PBXBuildFile; fileRef = 3CAB01351750421400FC6CC1 /* DataSet.cpp */; settings = {COMPILER_FLAGS = "-fno-objc-arc"; }; };
		3CAB01641750421400FC6CC1 /* Engine.cpp in Sources */ = {isa = PBXBuildFile; fileRef = 3CAB01371750421400FC6CC1 /* Engine.cpp */; settings = {COMPILER_FLAGS = "-fno-objc-arc"; }; };
		3CAB01651750421400FC6CC1 /* FindContour.cpp in Sources */ = {isa = PBXBuildFile; fileRef = 3CAB01391750421400FC6CC1 /* FindContour.cpp */; settings = {COMPILER_FLAGS = "-fno-objc-arc"; }; };
		3CAB01661750421400FC6CC1 /* FrameDetector.cpp in Sources */ = {isa = PBXBuildFile; fileRef = 3CAB013B1750421400FC6CC1 /* FrameDetector.cpp */; settings = {COMPILER_FLAGS = "-fno-objc-arc"; }; };
		3CAB01671750421400FC6CC1 /* GaussianFilter.cpp in Sources */ = {isa = PBXBuildFile; fileRef = 3CAB013C1750421400FC6CC1 /* GaussianFilter.cpp */; settings = {COMPILER_FLAGS = "-fno-objc-arc"; }; };
		3CAB01681750421400FC6CC1 /* Histogram.cpp in Sources */ = {isa = PBXBuildFile; fileRef = 3CAB013E1750421400FC6CC1 /* Histogram.cpp */; settings = {COMPILER_FLAGS = "-fno-objc-arc"; }; };
		3CAB01691750421400FC6CC1 /* ImageList.cpp in Sources */ = {isa = PBXBuildFile; fileRef = 3CAB01401750421400FC6CC1 /* ImageList.cpp */; settings = {COMPILER_FLAGS = "-fno-objc-arc"; }; };
		3CAB016A1750421400FC6CC1 /* ImgProc.cpp in Sources */ = {isa = PBXBuildFile; fileRef = 3CAB01421750421400FC6CC1 /* ImgProc.cpp */; settings = {COMPILER_FLAGS = "-fno-objc-arc"; }; };
		3CAB016B1750421400FC6CC1 /* IntegralImage.cpp in Sources */ = {isa = PBXBuildFile; fileRef = 3CAB01441750421400FC6CC1 /* IntegralImage.cpp */; settings = {COMPILER_FLAGS = "-fno-objc-arc"; }; };
		3CAB016C1750421400FC6CC1 /* ipCoreABC.cpp in Sources */ = {isa = PBXBuildFile; fileRef = 3CAB01461750421400FC6CC1 /* ipCoreABC.cpp */; settings = {COMPILER_FLAGS = "-fno-objc-arc"; }; };
		3CAB016D1750421400FC6CC1 /* ipFilter.cpp in Sources */ = {isa = PBXBuildFile; fileRef = 3CAB01471750421400FC6CC1 /* ipFilter.cpp */; settings = {COMPILER_FLAGS = "-fno-objc-arc"; }; };
		3CAB016E1750421400FC6CC1 /* ipMedian.cpp in Sources */ = {isa = PBXBuildFile; fileRef = 3CAB01491750421400FC6CC1 /* ipMedian.cpp */; settings = {COMPILER_FLAGS = "-fno-objc-arc"; }; };
		3CAB016F1750421400FC6CC1 /* ipMorphology.cpp in Sources */ = {isa = PBXBuildFile; fileRef = 3CAB014B1750421400FC6CC1 /* ipMorphology.cpp */; settings = {COMPILER_FLAGS = "-fno-objc-arc"; }; };
		3CAB01701750421400FC6CC1 /* ipThreshold.cpp in Sources */ = {isa = PBXBuildFile; fileRef = 3CAB014D1750421400FC6CC1 /* ipThreshold.cpp */; settings = {COMPILER_FLAGS = "-fno-objc-arc"; }; };
		3CAB01711750421400FC6CC1 /* ipTransformation.cpp in Sources */ = {isa = PBXBuildFile; fileRef = 3CAB014F1750421400FC6CC1 /* ipTransformation.cpp */; settings = {COMPILER_FLAGS = "-fno-objc-arc"; }; };
		3CAB01721750421400FC6CC1 /* RectangleDetectFromPatternPos.cpp in Sources */ = {isa = PBXBuildFile; fileRef = 3CAB01501750421400FC6CC1 /* RectangleDetectFromPatternPos.cpp */; settings = {COMPILER_FLAGS = "-fno-objc-arc"; }; };
		3CAB01731750421400FC6CC1 /* Regressor.cpp in Sources */ = {isa = PBXBuildFile; fileRef = 3CAB01511750421400FC6CC1 /* Regressor.cpp */; settings = {COMPILER_FLAGS = "-fno-objc-arc"; }; };
		3CAB01741750421400FC6CC1 /* RegressorTrainer.cpp in Sources */ = {isa = PBXBuildFile; fileRef = 3CAB01521750421400FC6CC1 /* RegressorTrainer.cpp */; settings = {COMPILER_FLAGS = "-fno-objc-arc"; }; };
		3CAB01751750421400FC6CC1 /* ScaleXY.cpp in Sources */ = {isa = PBXBuildFile; fileRef = 3CAB01541750421400FC6CC1 /* ScaleXY.cpp */; settings = {COMPILER_FLAGS = "-fno-objc-arc"; }; };
		3CAB01761750421400FC6CC1 /* Sobel.cpp in Sources */ = {isa = PBXBuildFile; fileRef = 3CAB01561750421400FC6CC1 /* Sobel.cpp */; settings = {COMPILER_FLAGS = "-fno-objc-arc"; }; };
		3CAB01771750421400FC6CC1 /* SparseMat.cpp in Sources */ = {isa = PBXBuildFile; fileRef = 3CAB01581750421400FC6CC1 /* SparseMat.cpp */; settings = {COMPILER_FLAGS = "-fno-objc-arc"; }; };
		3CAB01781750421400FC6CC1 /* thining.cpp in Sources */ = {isa = PBXBuildFile; fileRef = 3CAB015A1750421400FC6CC1 /* thining.cpp */; settings = {COMPILER_FLAGS = "-fno-objc-arc"; }; };
		3CAB01791750421400FC6CC1 /* Thresh.cpp in Sources */ = {isa = PBXBuildFile; fileRef = 3CAB015C1750421400FC6CC1 /* Thresh.cpp */; settings = {COMPILER_FLAGS = "-fno-objc-arc"; }; };
		3CAB017A1750421400FC6CC1 /* TriangleModel.cpp in Sources */ = {isa = PBXBuildFile; fileRef = 3CAB015D1750421400FC6CC1 /* TriangleModel.cpp */; settings = {COMPILER_FLAGS = "-fno-objc-arc"; }; };
		3CAB017B1750421400FC6CC1 /* Warping.cpp in Sources */ = {isa = PBXBuildFile; fileRef = 3CAB015E1750421400FC6CC1 /* Warping.cpp */; settings = {COMPILER_FLAGS = "-fno-objc-arc"; }; };
		3CAB017D1750422900FC6CC1 /* libcvlibbase.a in Frameworks */ = {isa = PBXBuildFile; fileRef = 3CAB017C1750422900FC6CC1 /* libcvlibbase.a */; };
		3CB09E4517536F8C0030499A /* PackageInfo.cpp in Sources */ = {isa = PBXBuildFile; fileRef = 3CB09E4317536F8C0030499A /* PackageInfo.cpp */; settings = {COMPILER_FLAGS = "-fno-objc-arc"; }; };
		3CC51CE6175489EF00D6BCFA /* MainViewController.mm in Sources */ = {isa = PBXBuildFile; fileRef = 3CC51CE5175489EF00D6BCFA /* MainViewController.mm */; };
		3CC51CF21754F41400D6BCFA /* MainViewController.xib in Resources */ = {isa = PBXBuildFile; fileRef = 3CC51CF11754F41400D6BCFA /* MainViewController.xib */; };
		3CE76612171CE9CC00CD3948 /* AssetsLibrary.framework in Frameworks */ = {isa = PBXBuildFile; fileRef = 3CE76611171CE9CC00CD3948 /* AssetsLibrary.framework */; };
		3CE76614171CEE4A00CD3948 /* libz.dylib in Frameworks */ = {isa = PBXBuildFile; fileRef = 3CE76613171CEE4A00CD3948 /* libz.dylib */; };
		3CF39992175966A400BC5B75 /* CaptureScreenViewController.xib in Resources */ = {isa = PBXBuildFile; fileRef = 3CF39991175966A400BC5B75 /* CaptureScreenViewController.xib */; };
		3CF399951759675300BC5B75 /* CaptureScreenViewController.mm in Sources */ = {isa = PBXBuildFile; fileRef = 3CF399941759675300BC5B75 /* CaptureScreenViewController.mm */; };
		3CFE28A5170C25C60099960D /* Default-568h@2x.png in Resources */ = {isa = PBXBuildFile; fileRef = 3CFE28A4170C25C60099960D /* Default-568h@2x.png */; };
		BDA485C716DFA5CE00E23456 /* CaptureViewController.mm in Sources */ = {isa = PBXBuildFile; fileRef = BDA485C516DFA5CE00E23456 /* CaptureViewController.mm */; };
		BDA485C816DFA5CE00E23456 /* CaptureViewController.xib in Resources */ = {isa = PBXBuildFile; fileRef = BDA485C616DFA5CE00E23456 /* CaptureViewController.xib */; };
		BDAED0BC16D002E800D220F7 /* UIKit.framework in Frameworks */ = {isa = PBXBuildFile; fileRef = BDAED0BB16D002E800D220F7 /* UIKit.framework */; };
		BDAED0BE16D002E800D220F7 /* Foundation.framework in Frameworks */ = {isa = PBXBuildFile; fileRef = BDAED0BD16D002E800D220F7 /* Foundation.framework */; };
		BDAED0C016D002E800D220F7 /* CoreGraphics.framework in Frameworks */ = {isa = PBXBuildFile; fileRef = BDAED0BF16D002E800D220F7 /* CoreGraphics.framework */; };
		BDAED0C616D002E800D220F7 /* InfoPlist.strings in Resources */ = {isa = PBXBuildFile; fileRef = BDAED0C416D002E800D220F7 /* InfoPlist.strings */; };
		BDAED0C816D002E800D220F7 /* main.mm in Sources */ = {isa = PBXBuildFile; fileRef = BDAED0C716D002E800D220F7 /* main.mm */; };
		BDAED0DD16D0039700D220F7 /* ExtractPackAppDelegate.mm in Sources */ = {isa = PBXBuildFile; fileRef = BDAED0DA16D0039700D220F7 /* ExtractPackAppDelegate.mm */; };
		BDAED0DE16D0039700D220F7 /* ExtractPackViewController.mm in Sources */ = {isa = PBXBuildFile; fileRef = BDAED0DC16D0039700D220F7 /* ExtractPackViewController.mm */; };
		BDAED0E016D003C200D220F7 /* ExtractPackViewController.xib in Resources */ = {isa = PBXBuildFile; fileRef = BDAED0DF16D003C200D220F7 /* ExtractPackViewController.xib */; };
		BDAED0FF16D006B700D220F7 /* libzbar.a in Frameworks */ = {isa = PBXBuildFile; fileRef = BDAED0F916D006B700D220F7 /* libzbar.a */; };
		BDAED10016D006B700D220F7 /* zbar-back.png in Resources */ = {isa = PBXBuildFile; fileRef = BDAED0FB16D006B700D220F7 /* zbar-back.png */; };
		BDAED10116D006B700D220F7 /* zbar-help.html in Resources */ = {isa = PBXBuildFile; fileRef = BDAED0FC16D006B700D220F7 /* zbar-help.html */; };
		BDAED10216D006B700D220F7 /* zbar-helpicons.png in Resources */ = {isa = PBXBuildFile; fileRef = BDAED0FD16D006B700D220F7 /* zbar-helpicons.png */; };
		BDAED10316D006B700D220F7 /* zbar-samples.png in Resources */ = {isa = PBXBuildFile; fileRef = BDAED0FE16D006B700D220F7 /* zbar-samples.png */; };
		BDAED10516D0070800D220F7 /* CoreMedia.framework in Frameworks */ = {isa = PBXBuildFile; fileRef = BDAED10416D0070800D220F7 /* CoreMedia.framework */; };
		BDAED10716D0071500D220F7 /* CoreVideo.framework in Frameworks */ = {isa = PBXBuildFile; fileRef = BDAED10616D0071500D220F7 /* CoreVideo.framework */; };
		BDAED10916D0071F00D220F7 /* QuartzCore.framework in Frameworks */ = {isa = PBXBuildFile; fileRef = BDAED10816D0071F00D220F7 /* QuartzCore.framework */; };
		BDAED10B16D0076000D220F7 /* CoreImage.framework in Frameworks */ = {isa = PBXBuildFile; fileRef = BDAED10A16D0076000D220F7 /* CoreImage.framework */; };
		BDAED11116D007B000D220F7 /* libiconv.dylib in Frameworks */ = {isa = PBXBuildFile; fileRef = BDAED11016D007B000D220F7 /* libiconv.dylib */; };
		BDAED11316D007FE00D220F7 /* AVFoundation.framework in Frameworks */ = {isa = PBXBuildFile; fileRef = BDAED11216D007FE00D220F7 /* AVFoundation.framework */; };
		BDAED11516D0080B00D220F7 /* CoreFoundation.framework in Frameworks */ = {isa = PBXBuildFile; fileRef = BDAED11416D0080B00D220F7 /* CoreFoundation.framework */; };
		DC11022C1761ADE900F3CCFF /* NSManagedObject+NWCoreDataHelper.m in Sources */ = {isa = PBXBuildFile; fileRef = DC11022A1761ADE900F3CCFF /* NSManagedObject+NWCoreDataHelper.m */; };
		DC1102331761AE0D00F3CCFF /* libTestFlight.a in Frameworks */ = {isa = PBXBuildFile; fileRef = DC11022F1761AE0D00F3CCFF /* libTestFlight.a */; };
		DC1102341761AE0D00F3CCFF /* README.md in Resources */ = {isa = PBXBuildFile; fileRef = DC1102301761AE0D00F3CCFF /* README.md */; };
		DC1102351761AE0D00F3CCFF /* release_notes.md in Resources */ = {isa = PBXBuildFile; fileRef = DC1102311761AE0D00F3CCFF /* release_notes.md */; };
		DC1102D41761AFEB00F3CCFF /* Model.xcdatamodeld in Sources */ = {isa = PBXBuildFile; fileRef = DC1102D21761AFEB00F3CCFF /* Model.xcdatamodeld */; };
		DC1102D61761B04000F3CCFF /* CoreData.framework in Frameworks */ = {isa = PBXBuildFile; fileRef = DC1102D51761B04000F3CCFF /* CoreData.framework */; };
		DC1102E91761FDE700F3CCFF /* MEDNetworkHelper.m in Sources */ = {isa = PBXBuildFile; fileRef = DC1102E81761FDE700F3CCFF /* MEDNetworkHelper.m */; };
		DC1102FE1761FE3E00F3CCFF /* AFHTTPClient.m in Sources */ = {isa = PBXBuildFile; fileRef = DC1102EC1761FE3E00F3CCFF /* AFHTTPClient.m */; };
		DC1102FF1761FE3E00F3CCFF /* AFHTTPRequestOperation.m in Sources */ = {isa = PBXBuildFile; fileRef = DC1102EE1761FE3E00F3CCFF /* AFHTTPRequestOperation.m */; };
		DC1103001761FE3E00F3CCFF /* AFImageRequestOperation.m in Sources */ = {isa = PBXBuildFile; fileRef = DC1102F01761FE3E00F3CCFF /* AFImageRequestOperation.m */; };
		DC1103011761FE3E00F3CCFF /* AFJSONRequestOperation.m in Sources */ = {isa = PBXBuildFile; fileRef = DC1102F21761FE3E00F3CCFF /* AFJSONRequestOperation.m */; };
		DC1103021761FE3E00F3CCFF /* AFNetworkActivityIndicatorManager.m in Sources */ = {isa = PBXBuildFile; fileRef = DC1102F41761FE3E00F3CCFF /* AFNetworkActivityIndicatorManager.m */; };
		DC1103031761FE3E00F3CCFF /* AFPropertyListRequestOperation.m in Sources */ = {isa = PBXBuildFile; fileRef = DC1102F71761FE3E00F3CCFF /* AFPropertyListRequestOperation.m */; };
		DC1103041761FE3E00F3CCFF /* AFURLConnectionOperation.m in Sources */ = {isa = PBXBuildFile; fileRef = DC1102F91761FE3E00F3CCFF /* AFURLConnectionOperation.m */; };
		DC1103051761FE3E00F3CCFF /* AFXMLRequestOperation.m in Sources */ = {isa = PBXBuildFile; fileRef = DC1102FB1761FE3E00F3CCFF /* AFXMLRequestOperation.m */; };
		DC1103061761FE3E00F3CCFF /* UIImageView+AFNetworking.m in Sources */ = {isa = PBXBuildFile; fileRef = DC1102FD1761FE3E00F3CCFF /* UIImageView+AFNetworking.m */; };
		DC6C731917D9AE24004F012B /* Schedule.m in Sources */ = {isa = PBXBuildFile; fileRef = DC6C731817D9AE24004F012B /* Schedule.m */; };
		DC6C731C17D9AFC4004F012B /* CKCalendarView.m in Sources */ = {isa = PBXBuildFile; fileRef = DC6C731B17D9AFC4004F012B /* CKCalendarView.m */; };
		DC9C489C181D273B00A92E20 /* Images.xcassets in Resources */ = {isa = PBXBuildFile; fileRef = DC9C489B181D273B00A92E20 /* Images.xcassets */; };
		DC9C489E181D29E600A92E20 /* Storyboard.storyboard in Resources */ = {isa = PBXBuildFile; fileRef = DC9C489D181D29E600A92E20 /* Storyboard.storyboard */; };
		DC9C48A2181E27AB00A92E20 /* OTMTabbarVC.m in Sources */ = {isa = PBXBuildFile; fileRef = DC9C48A1181E27AB00A92E20 /* OTMTabbarVC.m */; };
		DC9C48A6181E339A00A92E20 /* OTMMedicationsVC.m in Sources */ = {isa = PBXBuildFile; fileRef = DC9C48A5181E339A00A92E20 /* OTMMedicationsVC.m */; };
		DC9C48AB181E438700A92E20 /* OTMSettingsVC.m in Sources */ = {isa = PBXBuildFile; fileRef = DC9C48AA181E438700A92E20 /* OTMSettingsVC.m */; };
		DC9C48AE181E471A00A92E20 /* MBProgressHUD.m in Sources */ = {isa = PBXBuildFile; fileRef = DC9C48AD181E471A00A92E20 /* MBProgressHUD.m */; };
		DCA2281D17672A8A008C33B5 /* OTMhelper.m in Sources */ = {isa = PBXBuildFile; fileRef = DCA2281C17672A8A008C33B5 /* OTMhelper.m */; };
		DCA2282117672C0C008C33B5 /* OTMLoginViewController.mm in Sources */ = {isa = PBXBuildFile; fileRef = DCA2281F17672C0C008C33B5 /* OTMLoginViewController.mm */; };
		DCA2282517672C6F008C33B5 /* History.m in Sources */ = {isa = PBXBuildFile; fileRef = DCA2282417672C6F008C33B5 /* History.m */; };
		DCA2282817672C6F008C33B5 /* MedPackage.m in Sources */ = {isa = PBXBuildFile; fileRef = DCA2282717672C6F008C33B5 /* MedPackage.m */; };
		DCA2282B17672C6F008C33B5 /* User.m in Sources */ = {isa = PBXBuildFile; fileRef = DCA2282A17672C6F008C33B5 /* User.m */; };
		DCC02B9F17D99C3D002954E6 /* NSDate-Utilities.m in Sources */ = {isa = PBXBuildFile; fileRef = DCC02B9E17D99C3D002954E6 /* NSDate-Utilities.m */; };
		DCC02BA317D9A903002954E6 /* ScheduleViewController.m in Sources */ = {isa = PBXBuildFile; fileRef = DCC02BA117D9A903002954E6 /* ScheduleViewController.m */; };
/* End PBXBuildFile section */

/* Begin PBXFileReference section */
		3C00391B171B948800D1EE4F /* _cvlibbase.h */ = {isa = PBXFileReference; fileEncoding = 4; lastKnownFileType = sourcecode.c.h; path = _cvlibbase.h; sourceTree = "<group>"; };
		3C00391C171B948800D1EE4F /* Algorithm.h */ = {isa = PBXFileReference; fileEncoding = 4; lastKnownFileType = sourcecode.c.h; path = Algorithm.h; sourceTree = "<group>"; };
		3C00391D171B948800D1EE4F /* BitOperation.h */ = {isa = PBXFileReference; fileEncoding = 4; lastKnownFileType = sourcecode.c.h; path = BitOperation.h; sourceTree = "<group>"; };
		3C00391E171B948800D1EE4F /* CholeskyDecomposition.h */ = {isa = PBXFileReference; fileEncoding = 4; lastKnownFileType = sourcecode.c.h; path = CholeskyDecomposition.h; sourceTree = "<group>"; };
		3C00391F171B948800D1EE4F /* CoImage.h */ = {isa = PBXFileReference; fileEncoding = 4; lastKnownFileType = sourcecode.c.h; path = CoImage.h; sourceTree = "<group>"; };
		3C003920171B948800D1EE4F /* CoImageBMP.h */ = {isa = PBXFileReference; fileEncoding = 4; lastKnownFileType = sourcecode.c.h; path = CoImageBMP.h; sourceTree = "<group>"; };
		3C003921171B948800D1EE4F /* CoImageCFG.h */ = {isa = PBXFileReference; fileEncoding = 4; lastKnownFileType = sourcecode.c.h; path = CoImageCFG.h; sourceTree = "<group>"; };
		3C003922171B948800D1EE4F /* CoImageDef.h */ = {isa = PBXFileReference; fileEncoding = 4; lastKnownFileType = sourcecode.c.h; path = CoImageDef.h; sourceTree = "<group>"; };
		3C003927171B948800D1EE4F /* CommandLineParameters.h */ = {isa = PBXFileReference; fileEncoding = 4; lastKnownFileType = sourcecode.c.h; path = CommandLineParameters.h; sourceTree = "<group>"; };
		3C003928171B948800D1EE4F /* cvlibbaseDef.h */ = {isa = PBXFileReference; fileEncoding = 4; lastKnownFileType = sourcecode.c.h; path = cvlibbaseDef.h; sourceTree = "<group>"; };
		3C003929171B948800D1EE4F /* cvlibbaseVersion.h */ = {isa = PBXFileReference; fileEncoding = 4; lastKnownFileType = sourcecode.c.h; path = cvlibbaseVersion.h; sourceTree = "<group>"; };
		3C00392A171B948800D1EE4F /* cvlibmacros.h */ = {isa = PBXFileReference; fileEncoding = 4; lastKnownFileType = sourcecode.c.h; path = cvlibmacros.h; sourceTree = "<group>"; };
		3C00392B171B948800D1EE4F /* cvlibMalloc.h */ = {isa = PBXFileReference; fileEncoding = 4; lastKnownFileType = sourcecode.c.h; path = cvlibMalloc.h; sourceTree = "<group>"; };
		3C00392C171B948800D1EE4F /* cvliboperation.h */ = {isa = PBXFileReference; explicitFileType = sourcecode.cpp.h; fileEncoding = 4; path = cvliboperation.h; sourceTree = "<group>"; };
		3C00392D171B948800D1EE4F /* cvlibstructs.h */ = {isa = PBXFileReference; fileEncoding = 4; lastKnownFileType = sourcecode.c.h; path = cvlibstructs.h; sourceTree = "<group>"; };
		3C00392E171B948800D1EE4F /* cvlibutil.h */ = {isa = PBXFileReference; fileEncoding = 4; lastKnownFileType = sourcecode.c.h; path = cvlibutil.h; sourceTree = "<group>"; };
		3C00392F171B948800D1EE4F /* EigenvalueDecomposition.h */ = {isa = PBXFileReference; fileEncoding = 4; lastKnownFileType = sourcecode.c.h; path = EigenvalueDecomposition.h; sourceTree = "<group>"; };
		3C003930171B948800D1EE4F /* Exception.h */ = {isa = PBXFileReference; fileEncoding = 4; lastKnownFileType = sourcecode.c.h; path = Exception.h; sourceTree = "<group>"; };
		3C003931171B948800D1EE4F /* FileFinder.h */ = {isa = PBXFileReference; fileEncoding = 4; lastKnownFileType = sourcecode.c.h; path = FileFinder.h; sourceTree = "<group>"; };
		3C003932171B948800D1EE4F /* Graph.h */ = {isa = PBXFileReference; fileEncoding = 4; lastKnownFileType = sourcecode.c.h; path = Graph.h; sourceTree = "<group>"; };
		3C003933171B948800D1EE4F /* ImageIter.h */ = {isa = PBXFileReference; fileEncoding = 4; lastKnownFileType = sourcecode.c.h; path = ImageIter.h; sourceTree = "<group>"; };
		3C003934171B948800D1EE4F /* IniFile.h */ = {isa = PBXFileReference; fileEncoding = 4; lastKnownFileType = sourcecode.c.h; path = IniFile.h; sourceTree = "<group>"; };
		3C003935171B948800D1EE4F /* LUDecomposition.h */ = {isa = PBXFileReference; fileEncoding = 4; lastKnownFileType = sourcecode.c.h; path = LUDecomposition.h; sourceTree = "<group>"; };
		3C003936171B948800D1EE4F /* Mat.h */ = {isa = PBXFileReference; fileEncoding = 4; lastKnownFileType = sourcecode.c.h; path = Mat.h; sourceTree = "<group>"; };
		3C003937171B948800D1EE4F /* mat3.h */ = {isa = PBXFileReference; fileEncoding = 4; lastKnownFileType = sourcecode.c.h; path = mat3.h; sourceTree = "<group>"; };
		3C003938171B948800D1EE4F /* MathLib.h */ = {isa = PBXFileReference; fileEncoding = 4; lastKnownFileType = sourcecode.c.h; path = MathLib.h; sourceTree = "<group>"; };
		3C003939171B948800D1EE4F /* MatLib.h */ = {isa = PBXFileReference; fileEncoding = 4; lastKnownFileType = sourcecode.c.h; path = MatLib.h; sourceTree = "<group>"; };
		3C00393A171B948800D1EE4F /* MatOperation.h */ = {isa = PBXFileReference; fileEncoding = 4; lastKnownFileType = sourcecode.c.h; path = MatOperation.h; sourceTree = "<group>"; };
		3C00393B171B948800D1EE4F /* MintErrCode.h */ = {isa = PBXFileReference; fileEncoding = 4; lastKnownFileType = sourcecode.c.h; path = MintErrCode.h; sourceTree = "<group>"; };
		3C00393C171B948800D1EE4F /* News.h */ = {isa = PBXFileReference; fileEncoding = 4; lastKnownFileType = sourcecode.c.h; path = News.h; sourceTree = "<group>"; };
		3C00393D171B948800D1EE4F /* Object.h */ = {isa = PBXFileReference; fileEncoding = 4; lastKnownFileType = sourcecode.c.h; path = Object.h; sourceTree = "<group>"; };
		3C00393E171B948800D1EE4F /* ParamABC.h */ = {isa = PBXFileReference; fileEncoding = 4; lastKnownFileType = sourcecode.c.h; path = ParamABC.h; sourceTree = "<group>"; };
		3C00393F171B948800D1EE4F /* Plex.h */ = {isa = PBXFileReference; fileEncoding = 4; lastKnownFileType = sourcecode.c.h; path = Plex.h; sourceTree = "<group>"; };
		3C003940171B948800D1EE4F /* PtrArray.h */ = {isa = PBXFileReference; fileEncoding = 4; lastKnownFileType = sourcecode.c.h; path = PtrArray.h; sourceTree = "<group>"; };
		3C003941171B948800D1EE4F /* PtrHash.h */ = {isa = PBXFileReference; fileEncoding = 4; lastKnownFileType = sourcecode.c.h; path = PtrHash.h; sourceTree = "<group>"; };
		3C003942171B948800D1EE4F /* PtrList.h */ = {isa = PBXFileReference; fileEncoding = 4; lastKnownFileType = sourcecode.c.h; path = PtrList.h; sourceTree = "<group>"; };
		3C003943171B948800D1EE4F /* PtrQueue.h */ = {isa = PBXFileReference; fileEncoding = 4; lastKnownFileType = sourcecode.c.h; path = PtrQueue.h; sourceTree = "<group>"; };
		3C003944171B948800D1EE4F /* PumpABC.h */ = {isa = PBXFileReference; fileEncoding = 4; lastKnownFileType = sourcecode.c.h; path = PumpABC.h; sourceTree = "<group>"; };
		3C003945171B948800D1EE4F /* QRDecomposition.h */ = {isa = PBXFileReference; fileEncoding = 4; lastKnownFileType = sourcecode.c.h; path = QRDecomposition.h; sourceTree = "<group>"; };
		3C003946171B948800D1EE4F /* Queue.h */ = {isa = PBXFileReference; fileEncoding = 4; lastKnownFileType = sourcecode.c.h; path = Queue.h; sourceTree = "<group>"; };
		3C003947171B948800D1EE4F /* Random.h */ = {isa = PBXFileReference; fileEncoding = 4; lastKnownFileType = sourcecode.c.h; path = Random.h; sourceTree = "<group>"; };
		3C003948171B948800D1EE4F /* SingularValueDecomposition.h */ = {isa = PBXFileReference; fileEncoding = 4; lastKnownFileType = sourcecode.c.h; path = SingularValueDecomposition.h; sourceTree = "<group>"; };
		3C003949171B948800D1EE4F /* SString.h */ = {isa = PBXFileReference; fileEncoding = 4; lastKnownFileType = sourcecode.c.h; path = SString.h; sourceTree = "<group>"; };
		3C00394A171B948800D1EE4F /* Statistics.h */ = {isa = PBXFileReference; fileEncoding = 4; lastKnownFileType = sourcecode.c.h; path = Statistics.h; sourceTree = "<group>"; };
		3C00394B171B948800D1EE4F /* StringArray.h */ = {isa = PBXFileReference; fileEncoding = 4; lastKnownFileType = sourcecode.c.h; path = StringArray.h; sourceTree = "<group>"; };
		3C00394C171B948800D1EE4F /* template.h */ = {isa = PBXFileReference; fileEncoding = 4; lastKnownFileType = sourcecode.c.h; path = template.h; sourceTree = "<group>"; };
		3C00394D171B948800D1EE4F /* TemplateFactory.h */ = {isa = PBXFileReference; fileEncoding = 4; lastKnownFileType = sourcecode.c.h; path = TemplateFactory.h; sourceTree = "<group>"; };
		3C00394E171B948800D1EE4F /* Timer.h */ = {isa = PBXFileReference; fileEncoding = 4; lastKnownFileType = sourcecode.c.h; path = Timer.h; sourceTree = "<group>"; };
		3C00394F171B948800D1EE4F /* Tree.h */ = {isa = PBXFileReference; fileEncoding = 4; lastKnownFileType = sourcecode.c.h; path = Tree.h; sourceTree = "<group>"; };
		3C003950171B948800D1EE4F /* Vec.h */ = {isa = PBXFileReference; fileEncoding = 4; lastKnownFileType = sourcecode.c.h; path = Vec.h; sourceTree = "<group>"; };
		3C003951171B948800D1EE4F /* XFile.h */ = {isa = PBXFileReference; fileEncoding = 4; lastKnownFileType = sourcecode.c.h; path = XFile.h; sourceTree = "<group>"; };
		3C003952171B948800D1EE4F /* XFileDisk.h */ = {isa = PBXFileReference; fileEncoding = 4; lastKnownFileType = sourcecode.c.h; path = XFileDisk.h; sourceTree = "<group>"; };
		3C003953171B948800D1EE4F /* XFileMem.h */ = {isa = PBXFileReference; fileEncoding = 4; lastKnownFileType = sourcecode.c.h; path = XFileMem.h; sourceTree = "<group>"; };
		3C003954171B948800D1EE4F /* xMat.h */ = {isa = PBXFileReference; fileEncoding = 4; lastKnownFileType = sourcecode.c.h; path = xMat.h; sourceTree = "<group>"; };
		3C003955171B948800D1EE4F /* xVec.h */ = {isa = PBXFileReference; fileEncoding = 4; lastKnownFileType = sourcecode.c.h; path = xVec.h; sourceTree = "<group>"; };
		3C003AD8171B948900D1EE4F /* ClassifierABC.h */ = {isa = PBXFileReference; fileEncoding = 4; lastKnownFileType = sourcecode.c.h; path = ClassifierABC.h; sourceTree = "<group>"; };
		3C003AD9171B948900D1EE4F /* ColorSpace.h */ = {isa = PBXFileReference; fileEncoding = 4; lastKnownFileType = sourcecode.c.h; path = ColorSpace.h; sourceTree = "<group>"; };
		3C003ADA171B948900D1EE4F /* FrameDetector.h */ = {isa = PBXFileReference; fileEncoding = 4; lastKnownFileType = sourcecode.c.h; path = FrameDetector.h; sourceTree = "<group>"; };
		3C003ADB171B948900D1EE4F /* ImageList.h */ = {isa = PBXFileReference; fileEncoding = 4; lastKnownFileType = sourcecode.c.h; path = ImageList.h; sourceTree = "<group>"; };
		3C003ADC171B948900D1EE4F /* ipCoreABC.h */ = {isa = PBXFileReference; fileEncoding = 4; lastKnownFileType = sourcecode.c.h; path = ipCoreABC.h; sourceTree = "<group>"; };
		3C003ADD171B948900D1EE4F /* ipTransformation.h */ = {isa = PBXFileReference; fileEncoding = 4; lastKnownFileType = sourcecode.c.h; path = ipTransformation.h; sourceTree = "<group>"; };
		3C003ADE171B948900D1EE4F /* RectangleDetectFromPatternPos.h */ = {isa = PBXFileReference; fileEncoding = 4; lastKnownFileType = sourcecode.c.h; path = RectangleDetectFromPatternPos.h; sourceTree = "<group>"; };
		3C003ADF171B948900D1EE4F /* Regressor.h */ = {isa = PBXFileReference; fileEncoding = 4; lastKnownFileType = sourcecode.c.h; path = Regressor.h; sourceTree = "<group>"; };
		3C003AE0171B948900D1EE4F /* TriangleModel.h */ = {isa = PBXFileReference; fileEncoding = 4; lastKnownFileType = sourcecode.c.h; path = TriangleModel.h; sourceTree = "<group>"; };
		3C003AE1171B948900D1EE4F /* Warping.h */ = {isa = PBXFileReference; fileEncoding = 4; lastKnownFileType = sourcecode.c.h; path = Warping.h; sourceTree = "<group>"; };
		3C003CAE171BCF7600D1EE4F /* OpenCV.framework */ = {isa = PBXFileReference; lastKnownFileType = wrapper.framework; path = OpenCV.framework; sourceTree = "<group>"; };
		3CAB00C41750292400FC6CC1 /* FrameViewController.h */ = {isa = PBXFileReference; fileEncoding = 4; lastKnownFileType = sourcecode.c.h; path = FrameViewController.h; sourceTree = "<group>"; };
		3CAB00C51750292400FC6CC1 /* FrameViewController.mm */ = {isa = PBXFileReference; fileEncoding = 4; lastKnownFileType = sourcecode.cpp.objcpp; path = FrameViewController.mm; sourceTree = "<group>"; };
		3CAB00C61750292400FC6CC1 /* FrameViewController.xib */ = {isa = PBXFileReference; fileEncoding = 4; lastKnownFileType = file.xib; path = FrameViewController.xib; sourceTree = "<group>"; };
		3CAB00CA1750332A00FC6CC1 /* beep-7.mp3 */ = {isa = PBXFileReference; lastKnownFileType = audio.mp3; path = "beep-7.mp3"; sourceTree = "<group>"; };
		3CAB012F1750421300FC6CC1 /* Canny.cpp */ = {isa = PBXFileReference; fileEncoding = 4; lastKnownFileType = sourcecode.cpp.cpp; path = Canny.cpp; sourceTree = "<group>"; };
		3CAB01301750421400FC6CC1 /* Canny.h */ = {isa = PBXFileReference; fileEncoding = 4; lastKnownFileType = sourcecode.c.h; path = Canny.h; sourceTree = "<group>"; };
		3CAB01311750421400FC6CC1 /* ClassifierABC.cpp */ = {isa = PBXFileReference; fileEncoding = 4; lastKnownFileType = sourcecode.cpp.cpp; path = ClassifierABC.cpp; sourceTree = "<group>"; };
		3CAB01321750421400FC6CC1 /* ColorSpace.cpp */ = {isa = PBXFileReference; fileEncoding = 4; lastKnownFileType = sourcecode.cpp.cpp; path = ColorSpace.cpp; sourceTree = "<group>"; };
		3CAB01331750421400FC6CC1 /* Contours.cpp */ = {isa = PBXFileReference; fileEncoding = 4; lastKnownFileType = sourcecode.cpp.cpp; path = Contours.cpp; sourceTree = "<group>"; };
		3CAB01341750421400FC6CC1 /* Contours.h */ = {isa = PBXFileReference; explicitFileType = sourcecode.cpp.h; fileEncoding = 4; path = Contours.h; sourceTree = "<group>"; };
		3CAB01351750421400FC6CC1 /* DataSet.cpp */ = {isa = PBXFileReference; fileEncoding = 4; lastKnownFileType = sourcecode.cpp.cpp; path = DataSet.cpp; sourceTree = "<group>"; };
		3CAB01361750421400FC6CC1 /* DataSet.h */ = {isa = PBXFileReference; fileEncoding = 4; lastKnownFileType = sourcecode.c.h; path = DataSet.h; sourceTree = "<group>"; };
		3CAB01371750421400FC6CC1 /* Engine.cpp */ = {isa = PBXFileReference; fileEncoding = 4; lastKnownFileType = sourcecode.cpp.cpp; path = Engine.cpp; sourceTree = "<group>"; };
		3CAB01381750421400FC6CC1 /* Engine.h */ = {isa = PBXFileReference; fileEncoding = 4; lastKnownFileType = sourcecode.c.h; path = Engine.h; sourceTree = "<group>"; };
		3CAB01391750421400FC6CC1 /* FindContour.cpp */ = {isa = PBXFileReference; fileEncoding = 4; lastKnownFileType = sourcecode.cpp.cpp; path = FindContour.cpp; sourceTree = "<group>"; };
		3CAB013A1750421400FC6CC1 /* FindContour.h */ = {isa = PBXFileReference; fileEncoding = 4; lastKnownFileType = sourcecode.c.h; path = FindContour.h; sourceTree = "<group>"; };
		3CAB013B1750421400FC6CC1 /* FrameDetector.cpp */ = {isa = PBXFileReference; fileEncoding = 4; lastKnownFileType = sourcecode.cpp.cpp; path = FrameDetector.cpp; sourceTree = "<group>"; };
		3CAB013C1750421400FC6CC1 /* GaussianFilter.cpp */ = {isa = PBXFileReference; fileEncoding = 4; lastKnownFileType = sourcecode.cpp.cpp; path = GaussianFilter.cpp; sourceTree = "<group>"; };
		3CAB013D1750421400FC6CC1 /* GaussianFilter.h */ = {isa = PBXFileReference; fileEncoding = 4; lastKnownFileType = sourcecode.c.h; path = GaussianFilter.h; sourceTree = "<group>"; };
		3CAB013E1750421400FC6CC1 /* Histogram.cpp */ = {isa = PBXFileReference; fileEncoding = 4; lastKnownFileType = sourcecode.cpp.cpp; path = Histogram.cpp; sourceTree = "<group>"; };
		3CAB013F1750421400FC6CC1 /* Histogram.h */ = {isa = PBXFileReference; fileEncoding = 4; lastKnownFileType = sourcecode.c.h; path = Histogram.h; sourceTree = "<group>"; };
		3CAB01401750421400FC6CC1 /* ImageList.cpp */ = {isa = PBXFileReference; fileEncoding = 4; lastKnownFileType = sourcecode.cpp.cpp; path = ImageList.cpp; sourceTree = "<group>"; };
		3CAB01411750421400FC6CC1 /* ImageList.h */ = {isa = PBXFileReference; fileEncoding = 4; lastKnownFileType = sourcecode.c.h; path = ImageList.h; sourceTree = "<group>"; };
		3CAB01421750421400FC6CC1 /* ImgProc.cpp */ = {isa = PBXFileReference; fileEncoding = 4; lastKnownFileType = sourcecode.cpp.cpp; path = ImgProc.cpp; sourceTree = "<group>"; };
		3CAB01431750421400FC6CC1 /* ImgProc.h */ = {isa = PBXFileReference; fileEncoding = 4; lastKnownFileType = sourcecode.c.h; path = ImgProc.h; sourceTree = "<group>"; };
		3CAB01441750421400FC6CC1 /* IntegralImage.cpp */ = {isa = PBXFileReference; fileEncoding = 4; lastKnownFileType = sourcecode.cpp.cpp; path = IntegralImage.cpp; sourceTree = "<group>"; };
		3CAB01451750421400FC6CC1 /* IntegralImage.h */ = {isa = PBXFileReference; fileEncoding = 4; lastKnownFileType = sourcecode.c.h; path = IntegralImage.h; sourceTree = "<group>"; };
		3CAB01461750421400FC6CC1 /* ipCoreABC.cpp */ = {isa = PBXFileReference; fileEncoding = 4; lastKnownFileType = sourcecode.cpp.cpp; path = ipCoreABC.cpp; sourceTree = "<group>"; };
		3CAB01471750421400FC6CC1 /* ipFilter.cpp */ = {isa = PBXFileReference; fileEncoding = 4; lastKnownFileType = sourcecode.cpp.cpp; path = ipFilter.cpp; sourceTree = "<group>"; };
		3CAB01481750421400FC6CC1 /* ipFilter.h */ = {isa = PBXFileReference; fileEncoding = 4; lastKnownFileType = sourcecode.c.h; path = ipFilter.h; sourceTree = "<group>"; };
		3CAB01491750421400FC6CC1 /* ipMedian.cpp */ = {isa = PBXFileReference; fileEncoding = 4; lastKnownFileType = sourcecode.cpp.cpp; path = ipMedian.cpp; sourceTree = "<group>"; };
		3CAB014A1750421400FC6CC1 /* ipMedian.h */ = {isa = PBXFileReference; fileEncoding = 4; lastKnownFileType = sourcecode.c.h; path = ipMedian.h; sourceTree = "<group>"; };
		3CAB014B1750421400FC6CC1 /* ipMorphology.cpp */ = {isa = PBXFileReference; fileEncoding = 4; lastKnownFileType = sourcecode.cpp.cpp; path = ipMorphology.cpp; sourceTree = "<group>"; };
		3CAB014C1750421400FC6CC1 /* ipMorphology.h */ = {isa = PBXFileReference; fileEncoding = 4; lastKnownFileType = sourcecode.c.h; path = ipMorphology.h; sourceTree = "<group>"; };
		3CAB014D1750421400FC6CC1 /* ipThreshold.cpp */ = {isa = PBXFileReference; fileEncoding = 4; lastKnownFileType = sourcecode.cpp.cpp; path = ipThreshold.cpp; sourceTree = "<group>"; };
		3CAB014E1750421400FC6CC1 /* ipThreshold.h */ = {isa = PBXFileReference; fileEncoding = 4; lastKnownFileType = sourcecode.c.h; path = ipThreshold.h; sourceTree = "<group>"; };
		3CAB014F1750421400FC6CC1 /* ipTransformation.cpp */ = {isa = PBXFileReference; fileEncoding = 4; lastKnownFileType = sourcecode.cpp.cpp; path = ipTransformation.cpp; sourceTree = "<group>"; };
		3CAB01501750421400FC6CC1 /* RectangleDetectFromPatternPos.cpp */ = {isa = PBXFileReference; fileEncoding = 4; lastKnownFileType = sourcecode.cpp.cpp; path = RectangleDetectFromPatternPos.cpp; sourceTree = "<group>"; };
		3CAB01511750421400FC6CC1 /* Regressor.cpp */ = {isa = PBXFileReference; fileEncoding = 4; lastKnownFileType = sourcecode.cpp.cpp; path = Regressor.cpp; sourceTree = "<group>"; };
		3CAB01521750421400FC6CC1 /* RegressorTrainer.cpp */ = {isa = PBXFileReference; fileEncoding = 4; lastKnownFileType = sourcecode.cpp.cpp; path = RegressorTrainer.cpp; sourceTree = "<group>"; };
		3CAB01531750421400FC6CC1 /* RegressorTrainer.h */ = {isa = PBXFileReference; fileEncoding = 4; lastKnownFileType = sourcecode.c.h; path = RegressorTrainer.h; sourceTree = "<group>"; };
		3CAB01541750421400FC6CC1 /* ScaleXY.cpp */ = {isa = PBXFileReference; fileEncoding = 4; lastKnownFileType = sourcecode.cpp.cpp; path = ScaleXY.cpp; sourceTree = "<group>"; };
		3CAB01551750421400FC6CC1 /* ScaleXY.h */ = {isa = PBXFileReference; fileEncoding = 4; lastKnownFileType = sourcecode.c.h; path = ScaleXY.h; sourceTree = "<group>"; };
		3CAB01561750421400FC6CC1 /* Sobel.cpp */ = {isa = PBXFileReference; fileEncoding = 4; lastKnownFileType = sourcecode.cpp.cpp; path = Sobel.cpp; sourceTree = "<group>"; };
		3CAB01571750421400FC6CC1 /* Sobel.h */ = {isa = PBXFileReference; fileEncoding = 4; lastKnownFileType = sourcecode.c.h; path = Sobel.h; sourceTree = "<group>"; };
		3CAB01581750421400FC6CC1 /* SparseMat.cpp */ = {isa = PBXFileReference; fileEncoding = 4; lastKnownFileType = sourcecode.cpp.cpp; path = SparseMat.cpp; sourceTree = "<group>"; };
		3CAB01591750421400FC6CC1 /* SparseMat.h */ = {isa = PBXFileReference; fileEncoding = 4; lastKnownFileType = sourcecode.c.h; path = SparseMat.h; sourceTree = "<group>"; };
		3CAB015A1750421400FC6CC1 /* thining.cpp */ = {isa = PBXFileReference; fileEncoding = 4; lastKnownFileType = sourcecode.cpp.cpp; path = thining.cpp; sourceTree = "<group>"; };
		3CAB015B1750421400FC6CC1 /* thining.h */ = {isa = PBXFileReference; fileEncoding = 4; lastKnownFileType = sourcecode.c.h; path = thining.h; sourceTree = "<group>"; };
		3CAB015C1750421400FC6CC1 /* Thresh.cpp */ = {isa = PBXFileReference; fileEncoding = 4; lastKnownFileType = sourcecode.cpp.cpp; path = Thresh.cpp; sourceTree = "<group>"; };
		3CAB015D1750421400FC6CC1 /* TriangleModel.cpp */ = {isa = PBXFileReference; fileEncoding = 4; lastKnownFileType = sourcecode.cpp.cpp; path = TriangleModel.cpp; sourceTree = "<group>"; };
		3CAB015E1750421400FC6CC1 /* Warping.cpp */ = {isa = PBXFileReference; fileEncoding = 4; lastKnownFileType = sourcecode.cpp.cpp; path = Warping.cpp; sourceTree = "<group>"; };
		3CAB017C1750422900FC6CC1 /* libcvlibbase.a */ = {isa = PBXFileReference; lastKnownFileType = archive.ar; path = libcvlibbase.a; sourceTree = "<group>"; };
		3CB09E4317536F8C0030499A /* PackageInfo.cpp */ = {isa = PBXFileReference; fileEncoding = 4; lastKnownFileType = sourcecode.cpp.cpp; path = PackageInfo.cpp; sourceTree = "<group>"; };
		3CB09E4417536F8C0030499A /* thresh.h */ = {isa = PBXFileReference; fileEncoding = 4; lastKnownFileType = sourcecode.c.h; path = thresh.h; sourceTree = "<group>"; };
		3CB09E4617536F980030499A /* PackageInfo.h */ = {isa = PBXFileReference; fileEncoding = 4; lastKnownFileType = sourcecode.c.h; path = PackageInfo.h; sourceTree = "<group>"; };
		3CB09E471753704A0030499A /* zframe.h */ = {isa = PBXFileReference; fileEncoding = 4; lastKnownFileType = sourcecode.c.h; path = zframe.h; sourceTree = SOURCE_ROOT; };
		3CB09E48175373710030499A /* AutoBuffer.h */ = {isa = PBXFileReference; fileEncoding = 4; lastKnownFileType = sourcecode.c.h; path = AutoBuffer.h; sourceTree = "<group>"; };
		3CC51CE4175489EE00D6BCFA /* MainViewController.h */ = {isa = PBXFileReference; fileEncoding = 4; lastKnownFileType = sourcecode.c.h; name = MainViewController.h; path = ExtractPack/MainViewController.h; sourceTree = SOURCE_ROOT; };
		3CC51CE5175489EF00D6BCFA /* MainViewController.mm */ = {isa = PBXFileReference; fileEncoding = 4; lastKnownFileType = sourcecode.cpp.objcpp; name = MainViewController.mm; path = ExtractPack/MainViewController.mm; sourceTree = SOURCE_ROOT; };
		3CC51CF11754F41400D6BCFA /* MainViewController.xib */ = {isa = PBXFileReference; fileEncoding = 4; lastKnownFileType = file.xib; path = MainViewController.xib; sourceTree = "<group>"; };
		3CE76611171CE9CC00CD3948 /* AssetsLibrary.framework */ = {isa = PBXFileReference; lastKnownFileType = wrapper.framework; name = AssetsLibrary.framework; path = System/Library/Frameworks/AssetsLibrary.framework; sourceTree = SDKROOT; };
		3CE76613171CEE4A00CD3948 /* libz.dylib */ = {isa = PBXFileReference; lastKnownFileType = "compiled.mach-o.dylib"; name = libz.dylib; path = usr/lib/libz.dylib; sourceTree = SDKROOT; };
		3CF39991175966A400BC5B75 /* CaptureScreenViewController.xib */ = {isa = PBXFileReference; fileEncoding = 4; lastKnownFileType = file.xib; path = CaptureScreenViewController.xib; sourceTree = "<group>"; };
		3CF399931759675300BC5B75 /* CaptureScreenViewController.h */ = {isa = PBXFileReference; fileEncoding = 4; lastKnownFileType = sourcecode.c.h; path = CaptureScreenViewController.h; sourceTree = "<group>"; };
		3CF399941759675300BC5B75 /* CaptureScreenViewController.mm */ = {isa = PBXFileReference; fileEncoding = 4; lastKnownFileType = sourcecode.cpp.objcpp; path = CaptureScreenViewController.mm; sourceTree = "<group>"; };
		3CFE28A4170C25C60099960D /* Default-568h@2x.png */ = {isa = PBXFileReference; lastKnownFileType = image.png; path = "Default-568h@2x.png"; sourceTree = "<group>"; };
		BDA485C416DFA5CE00E23456 /* CaptureViewController.h */ = {isa = PBXFileReference; fileEncoding = 4; lastKnownFileType = sourcecode.c.h; path = CaptureViewController.h; sourceTree = "<group>"; };
		BDA485C516DFA5CE00E23456 /* CaptureViewController.mm */ = {isa = PBXFileReference; fileEncoding = 4; lastKnownFileType = sourcecode.cpp.objcpp; path = CaptureViewController.mm; sourceTree = "<group>"; };
		BDA485C616DFA5CE00E23456 /* CaptureViewController.xib */ = {isa = PBXFileReference; fileEncoding = 4; lastKnownFileType = file.xib; path = CaptureViewController.xib; sourceTree = "<group>"; };
		BDAED0B716D002E800D220F7 /* ExtractPack.app */ = {isa = PBXFileReference; explicitFileType = wrapper.application; includeInIndex = 0; path = ExtractPack.app; sourceTree = BUILT_PRODUCTS_DIR; };
		BDAED0BB16D002E800D220F7 /* UIKit.framework */ = {isa = PBXFileReference; lastKnownFileType = wrapper.framework; name = UIKit.framework; path = System/Library/Frameworks/UIKit.framework; sourceTree = SDKROOT; };
		BDAED0BD16D002E800D220F7 /* Foundation.framework */ = {isa = PBXFileReference; lastKnownFileType = wrapper.framework; name = Foundation.framework; path = System/Library/Frameworks/Foundation.framework; sourceTree = SDKROOT; };
		BDAED0BF16D002E800D220F7 /* CoreGraphics.framework */ = {isa = PBXFileReference; lastKnownFileType = wrapper.framework; name = CoreGraphics.framework; path = System/Library/Frameworks/CoreGraphics.framework; sourceTree = SDKROOT; };
		BDAED0C316D002E800D220F7 /* ExtractPack-Info.plist */ = {isa = PBXFileReference; lastKnownFileType = text.plist.xml; path = "ExtractPack-Info.plist"; sourceTree = "<group>"; };
		BDAED0C516D002E800D220F7 /* en */ = {isa = PBXFileReference; lastKnownFileType = text.plist.strings; name = en; path = en.lproj/InfoPlist.strings; sourceTree = "<group>"; };
		BDAED0C716D002E800D220F7 /* main.mm */ = {isa = PBXFileReference; lastKnownFileType = sourcecode.cpp.objcpp; path = main.mm; sourceTree = "<group>"; };
		BDAED0C916D002E800D220F7 /* ExtractPack-Prefix.pch */ = {isa = PBXFileReference; lastKnownFileType = sourcecode.c.h; path = "ExtractPack-Prefix.pch"; sourceTree = "<group>"; };
		BDAED0D916D0039700D220F7 /* ExtractPackAppDelegate.h */ = {isa = PBXFileReference; fileEncoding = 4; lastKnownFileType = sourcecode.c.h; path = ExtractPackAppDelegate.h; sourceTree = "<group>"; };
		BDAED0DA16D0039700D220F7 /* ExtractPackAppDelegate.mm */ = {isa = PBXFileReference; fileEncoding = 4; lastKnownFileType = sourcecode.cpp.objcpp; path = ExtractPackAppDelegate.mm; sourceTree = "<group>"; };
		BDAED0DB16D0039700D220F7 /* ExtractPackViewController.h */ = {isa = PBXFileReference; fileEncoding = 4; lastKnownFileType = sourcecode.c.h; path = ExtractPackViewController.h; sourceTree = "<group>"; };
		BDAED0DC16D0039700D220F7 /* ExtractPackViewController.mm */ = {isa = PBXFileReference; fileEncoding = 4; lastKnownFileType = sourcecode.cpp.objcpp; path = ExtractPackViewController.mm; sourceTree = "<group>"; };
		BDAED0DF16D003C200D220F7 /* ExtractPackViewController.xib */ = {isa = PBXFileReference; fileEncoding = 4; lastKnownFileType = file.xib; path = ExtractPackViewController.xib; sourceTree = "<group>"; };
		BDAED0E516D006B700D220F7 /* Decoder.h */ = {isa = PBXFileReference; fileEncoding = 4; lastKnownFileType = sourcecode.c.h; path = Decoder.h; sourceTree = "<group>"; };
		BDAED0E616D006B700D220F7 /* Exception.h */ = {isa = PBXFileReference; fileEncoding = 4; lastKnownFileType = sourcecode.c.h; path = Exception.h; sourceTree = "<group>"; };
		BDAED0E716D006B700D220F7 /* Image.h */ = {isa = PBXFileReference; fileEncoding = 4; lastKnownFileType = sourcecode.c.h; path = Image.h; sourceTree = "<group>"; };
		BDAED0E816D006B700D220F7 /* ImageScanner.h */ = {isa = PBXFileReference; fileEncoding = 4; lastKnownFileType = sourcecode.c.h; path = ImageScanner.h; sourceTree = "<group>"; };
		BDAED0E916D006B700D220F7 /* Processor.h */ = {isa = PBXFileReference; fileEncoding = 4; lastKnownFileType = sourcecode.c.h; path = Processor.h; sourceTree = "<group>"; };
		BDAED0EA16D006B700D220F7 /* Scanner.h */ = {isa = PBXFileReference; fileEncoding = 4; lastKnownFileType = sourcecode.c.h; path = Scanner.h; sourceTree = "<group>"; };
		BDAED0EB16D006B700D220F7 /* Symbol.h */ = {isa = PBXFileReference; fileEncoding = 4; lastKnownFileType = sourcecode.c.h; path = Symbol.h; sourceTree = "<group>"; };
		BDAED0EC16D006B700D220F7 /* Video.h */ = {isa = PBXFileReference; fileEncoding = 4; lastKnownFileType = sourcecode.c.h; path = Video.h; sourceTree = "<group>"; };
		BDAED0ED16D006B700D220F7 /* Window.h */ = {isa = PBXFileReference; fileEncoding = 4; lastKnownFileType = sourcecode.c.h; path = Window.h; sourceTree = "<group>"; };
		BDAED0EE16D006B700D220F7 /* zbar.h */ = {isa = PBXFileReference; fileEncoding = 4; lastKnownFileType = sourcecode.c.h; path = zbar.h; sourceTree = "<group>"; };
		BDAED0EF16D006B700D220F7 /* ZBarCameraSimulator.h */ = {isa = PBXFileReference; fileEncoding = 4; lastKnownFileType = sourcecode.c.h; path = ZBarCameraSimulator.h; sourceTree = "<group>"; };
		BDAED0F016D006B700D220F7 /* ZBarCaptureReader.h */ = {isa = PBXFileReference; fileEncoding = 4; lastKnownFileType = sourcecode.c.h; path = ZBarCaptureReader.h; sourceTree = "<group>"; };
		BDAED0F116D006B700D220F7 /* ZBarHelpController.h */ = {isa = PBXFileReference; fileEncoding = 4; lastKnownFileType = sourcecode.c.h; path = ZBarHelpController.h; sourceTree = "<group>"; };
		BDAED0F216D006B700D220F7 /* ZBarImage.h */ = {isa = PBXFileReference; fileEncoding = 4; lastKnownFileType = sourcecode.c.h; path = ZBarImage.h; sourceTree = "<group>"; };
		BDAED0F316D006B700D220F7 /* ZBarImageScanner.h */ = {isa = PBXFileReference; fileEncoding = 4; lastKnownFileType = sourcecode.c.h; path = ZBarImageScanner.h; sourceTree = "<group>"; };
		BDAED0F416D006B700D220F7 /* ZBarReaderController.h */ = {isa = PBXFileReference; fileEncoding = 4; lastKnownFileType = sourcecode.c.h; path = ZBarReaderController.h; sourceTree = "<group>"; };
		BDAED0F516D006B700D220F7 /* ZBarReaderView.h */ = {isa = PBXFileReference; fileEncoding = 4; lastKnownFileType = sourcecode.c.h; path = ZBarReaderView.h; sourceTree = "<group>"; };
		BDAED0F616D006B700D220F7 /* ZBarReaderViewController.h */ = {isa = PBXFileReference; fileEncoding = 4; lastKnownFileType = sourcecode.c.h; path = ZBarReaderViewController.h; sourceTree = "<group>"; };
		BDAED0F716D006B700D220F7 /* ZBarSDK.h */ = {isa = PBXFileReference; fileEncoding = 4; lastKnownFileType = sourcecode.c.h; path = ZBarSDK.h; sourceTree = "<group>"; };
		BDAED0F816D006B700D220F7 /* ZBarSymbol.h */ = {isa = PBXFileReference; fileEncoding = 4; lastKnownFileType = sourcecode.c.h; path = ZBarSymbol.h; sourceTree = "<group>"; };
		BDAED0F916D006B700D220F7 /* libzbar.a */ = {isa = PBXFileReference; lastKnownFileType = archive.ar; path = libzbar.a; sourceTree = "<group>"; };
		BDAED0FB16D006B700D220F7 /* zbar-back.png */ = {isa = PBXFileReference; lastKnownFileType = image.png; path = "zbar-back.png"; sourceTree = "<group>"; };
		BDAED0FC16D006B700D220F7 /* zbar-help.html */ = {isa = PBXFileReference; fileEncoding = 4; lastKnownFileType = text.html; path = "zbar-help.html"; sourceTree = "<group>"; };
		BDAED0FD16D006B700D220F7 /* zbar-helpicons.png */ = {isa = PBXFileReference; lastKnownFileType = image.png; path = "zbar-helpicons.png"; sourceTree = "<group>"; };
		BDAED0FE16D006B700D220F7 /* zbar-samples.png */ = {isa = PBXFileReference; lastKnownFileType = image.png; path = "zbar-samples.png"; sourceTree = "<group>"; };
		BDAED10416D0070800D220F7 /* CoreMedia.framework */ = {isa = PBXFileReference; lastKnownFileType = wrapper.framework; name = CoreMedia.framework; path = System/Library/Frameworks/CoreMedia.framework; sourceTree = SDKROOT; };
		BDAED10616D0071500D220F7 /* CoreVideo.framework */ = {isa = PBXFileReference; lastKnownFileType = wrapper.framework; name = CoreVideo.framework; path = System/Library/Frameworks/CoreVideo.framework; sourceTree = SDKROOT; };
		BDAED10816D0071F00D220F7 /* QuartzCore.framework */ = {isa = PBXFileReference; lastKnownFileType = wrapper.framework; name = QuartzCore.framework; path = System/Library/Frameworks/QuartzCore.framework; sourceTree = SDKROOT; };
		BDAED10A16D0076000D220F7 /* CoreImage.framework */ = {isa = PBXFileReference; lastKnownFileType = wrapper.framework; name = CoreImage.framework; path = System/Library/Frameworks/CoreImage.framework; sourceTree = SDKROOT; };
		BDAED11016D007B000D220F7 /* libiconv.dylib */ = {isa = PBXFileReference; lastKnownFileType = "compiled.mach-o.dylib"; name = libiconv.dylib; path = usr/lib/libiconv.dylib; sourceTree = SDKROOT; };
		BDAED11216D007FE00D220F7 /* AVFoundation.framework */ = {isa = PBXFileReference; lastKnownFileType = wrapper.framework; name = AVFoundation.framework; path = System/Library/Frameworks/AVFoundation.framework; sourceTree = SDKROOT; };
		BDAED11416D0080B00D220F7 /* CoreFoundation.framework */ = {isa = PBXFileReference; lastKnownFileType = wrapper.framework; name = CoreFoundation.framework; path = System/Library/Frameworks/CoreFoundation.framework; sourceTree = SDKROOT; };
		DC1102291761ADE900F3CCFF /* NSManagedObject+NWCoreDataHelper.h */ = {isa = PBXFileReference; fileEncoding = 4; lastKnownFileType = sourcecode.c.h; path = "NSManagedObject+NWCoreDataHelper.h"; sourceTree = "<group>"; };
		DC11022A1761ADE900F3CCFF /* NSManagedObject+NWCoreDataHelper.m */ = {isa = PBXFileReference; fileEncoding = 4; lastKnownFileType = sourcecode.c.objc; path = "NSManagedObject+NWCoreDataHelper.m"; sourceTree = "<group>"; };
		DC11022F1761AE0D00F3CCFF /* libTestFlight.a */ = {isa = PBXFileReference; lastKnownFileType = archive.ar; path = libTestFlight.a; sourceTree = "<group>"; };
		DC1102301761AE0D00F3CCFF /* README.md */ = {isa = PBXFileReference; fileEncoding = 4; lastKnownFileType = text; path = README.md; sourceTree = "<group>"; };
		DC1102311761AE0D00F3CCFF /* release_notes.md */ = {isa = PBXFileReference; fileEncoding = 4; lastKnownFileType = text; path = release_notes.md; sourceTree = "<group>"; };
		DC1102321761AE0D00F3CCFF /* TestFlight.h */ = {isa = PBXFileReference; fileEncoding = 4; lastKnownFileType = sourcecode.c.h; path = TestFlight.h; sourceTree = "<group>"; };
		DC1102D31761AFEB00F3CCFF /* Model.xcdatamodel */ = {isa = PBXFileReference; lastKnownFileType = wrapper.xcdatamodel; path = Model.xcdatamodel; sourceTree = "<group>"; };
		DC1102D51761B04000F3CCFF /* CoreData.framework */ = {isa = PBXFileReference; lastKnownFileType = wrapper.framework; name = CoreData.framework; path = System/Library/Frameworks/CoreData.framework; sourceTree = SDKROOT; };
		DC1102E71761FDE700F3CCFF /* MEDNetworkHelper.h */ = {isa = PBXFileReference; fileEncoding = 4; lastKnownFileType = sourcecode.c.h; path = MEDNetworkHelper.h; sourceTree = "<group>"; };
		DC1102E81761FDE700F3CCFF /* MEDNetworkHelper.m */ = {isa = PBXFileReference; fileEncoding = 4; lastKnownFileType = sourcecode.c.objc; path = MEDNetworkHelper.m; sourceTree = "<group>"; };
		DC1102EB1761FE3E00F3CCFF /* AFHTTPClient.h */ = {isa = PBXFileReference; fileEncoding = 4; lastKnownFileType = sourcecode.c.h; path = AFHTTPClient.h; sourceTree = "<group>"; };
		DC1102EC1761FE3E00F3CCFF /* AFHTTPClient.m */ = {isa = PBXFileReference; fileEncoding = 4; lastKnownFileType = sourcecode.c.objc; path = AFHTTPClient.m; sourceTree = "<group>"; };
		DC1102ED1761FE3E00F3CCFF /* AFHTTPRequestOperation.h */ = {isa = PBXFileReference; fileEncoding = 4; lastKnownFileType = sourcecode.c.h; path = AFHTTPRequestOperation.h; sourceTree = "<group>"; };
		DC1102EE1761FE3E00F3CCFF /* AFHTTPRequestOperation.m */ = {isa = PBXFileReference; fileEncoding = 4; lastKnownFileType = sourcecode.c.objc; path = AFHTTPRequestOperation.m; sourceTree = "<group>"; };
		DC1102EF1761FE3E00F3CCFF /* AFImageRequestOperation.h */ = {isa = PBXFileReference; fileEncoding = 4; lastKnownFileType = sourcecode.c.h; path = AFImageRequestOperation.h; sourceTree = "<group>"; };
		DC1102F01761FE3E00F3CCFF /* AFImageRequestOperation.m */ = {isa = PBXFileReference; fileEncoding = 4; lastKnownFileType = sourcecode.c.objc; path = AFImageRequestOperation.m; sourceTree = "<group>"; };
		DC1102F11761FE3E00F3CCFF /* AFJSONRequestOperation.h */ = {isa = PBXFileReference; fileEncoding = 4; lastKnownFileType = sourcecode.c.h; path = AFJSONRequestOperation.h; sourceTree = "<group>"; };
		DC1102F21761FE3E00F3CCFF /* AFJSONRequestOperation.m */ = {isa = PBXFileReference; fileEncoding = 4; lastKnownFileType = sourcecode.c.objc; path = AFJSONRequestOperation.m; sourceTree = "<group>"; };
		DC1102F31761FE3E00F3CCFF /* AFNetworkActivityIndicatorManager.h */ = {isa = PBXFileReference; fileEncoding = 4; lastKnownFileType = sourcecode.c.h; path = AFNetworkActivityIndicatorManager.h; sourceTree = "<group>"; };
		DC1102F41761FE3E00F3CCFF /* AFNetworkActivityIndicatorManager.m */ = {isa = PBXFileReference; fileEncoding = 4; lastKnownFileType = sourcecode.c.objc; path = AFNetworkActivityIndicatorManager.m; sourceTree = "<group>"; };
		DC1102F51761FE3E00F3CCFF /* AFNetworking.h */ = {isa = PBXFileReference; fileEncoding = 4; lastKnownFileType = sourcecode.c.h; path = AFNetworking.h; sourceTree = "<group>"; };
		DC1102F61761FE3E00F3CCFF /* AFPropertyListRequestOperation.h */ = {isa = PBXFileReference; fileEncoding = 4; lastKnownFileType = sourcecode.c.h; path = AFPropertyListRequestOperation.h; sourceTree = "<group>"; };
		DC1102F71761FE3E00F3CCFF /* AFPropertyListRequestOperation.m */ = {isa = PBXFileReference; fileEncoding = 4; lastKnownFileType = sourcecode.c.objc; path = AFPropertyListRequestOperation.m; sourceTree = "<group>"; };
		DC1102F81761FE3E00F3CCFF /* AFURLConnectionOperation.h */ = {isa = PBXFileReference; fileEncoding = 4; lastKnownFileType = sourcecode.c.h; path = AFURLConnectionOperation.h; sourceTree = "<group>"; };
		DC1102F91761FE3E00F3CCFF /* AFURLConnectionOperation.m */ = {isa = PBXFileReference; fileEncoding = 4; lastKnownFileType = sourcecode.c.objc; path = AFURLConnectionOperation.m; sourceTree = "<group>"; };
		DC1102FA1761FE3E00F3CCFF /* AFXMLRequestOperation.h */ = {isa = PBXFileReference; fileEncoding = 4; lastKnownFileType = sourcecode.c.h; path = AFXMLRequestOperation.h; sourceTree = "<group>"; };
		DC1102FB1761FE3E00F3CCFF /* AFXMLRequestOperation.m */ = {isa = PBXFileReference; fileEncoding = 4; lastKnownFileType = sourcecode.c.objc; path = AFXMLRequestOperation.m; sourceTree = "<group>"; };
		DC1102FC1761FE3E00F3CCFF /* UIImageView+AFNetworking.h */ = {isa = PBXFileReference; fileEncoding = 4; lastKnownFileType = sourcecode.c.h; path = "UIImageView+AFNetworking.h"; sourceTree = "<group>"; };
		DC1102FD1761FE3E00F3CCFF /* UIImageView+AFNetworking.m */ = {isa = PBXFileReference; fileEncoding = 4; lastKnownFileType = sourcecode.c.objc; path = "UIImageView+AFNetworking.m"; sourceTree = "<group>"; };
		DC18CBDD1768745A005A0903 /* User.h */ = {isa = PBXFileReference; lastKnownFileType = sourcecode.c.h; path = User.h; sourceTree = "<group>"; };
		DC18CBDE1768745A005A0903 /* User.m */ = {isa = PBXFileReference; lastKnownFileType = sourcecode.c.objc; path = User.m; sourceTree = "<group>"; };
		DC6C731717D9AE24004F012B /* Schedule.h */ = {isa = PBXFileReference; fileEncoding = 4; lastKnownFileType = sourcecode.c.h; path = Schedule.h; sourceTree = "<group>"; };
		DC6C731817D9AE24004F012B /* Schedule.m */ = {isa = PBXFileReference; fileEncoding = 4; lastKnownFileType = sourcecode.c.objc; path = Schedule.m; sourceTree = "<group>"; };
		DC6C731A17D9AFC4004F012B /* CKCalendarView.h */ = {isa = PBXFileReference; fileEncoding = 4; lastKnownFileType = sourcecode.c.h; path = CKCalendarView.h; sourceTree = "<group>"; };
		DC6C731B17D9AFC4004F012B /* CKCalendarView.m */ = {isa = PBXFileReference; fileEncoding = 4; lastKnownFileType = sourcecode.c.objc; path = CKCalendarView.m; sourceTree = "<group>"; };
		DC6C731D17D9B07A004F012B /* DKADefines.h */ = {isa = PBXFileReference; fileEncoding = 4; lastKnownFileType = sourcecode.c.h; path = DKADefines.h; sourceTree = "<group>"; };
		DC76D87C17687360009ED71A /* Model 2.xcdatamodel */ = {isa = PBXFileReference; lastKnownFileType = wrapper.xcdatamodel; path = "Model 2.xcdatamodel"; sourceTree = "<group>"; };
		DC9C489B181D273B00A92E20 /* Images.xcassets */ = {isa = PBXFileReference; lastKnownFileType = folder.assetcatalog; path = Images.xcassets; sourceTree = "<group>"; };
		DC9C489D181D29E600A92E20 /* Storyboard.storyboard */ = {isa = PBXFileReference; fileEncoding = 4; lastKnownFileType = file.storyboard; path = Storyboard.storyboard; sourceTree = "<group>"; };
		DC9C48A0181E27AB00A92E20 /* OTMTabbarVC.h */ = {isa = PBXFileReference; fileEncoding = 4; lastKnownFileType = sourcecode.c.h; path = OTMTabbarVC.h; sourceTree = "<group>"; };
		DC9C48A1181E27AB00A92E20 /* OTMTabbarVC.m */ = {isa = PBXFileReference; fileEncoding = 4; lastKnownFileType = sourcecode.c.objc; path = OTMTabbarVC.m; sourceTree = "<group>"; };
		DC9C48A4181E339A00A92E20 /* OTMMedicationsVC.h */ = {isa = PBXFileReference; fileEncoding = 4; lastKnownFileType = sourcecode.c.h; path = OTMMedicationsVC.h; sourceTree = "<group>"; };
		DC9C48A5181E339A00A92E20 /* OTMMedicationsVC.m */ = {isa = PBXFileReference; fileEncoding = 4; lastKnownFileType = sourcecode.c.objc; path = OTMMedicationsVC.m; sourceTree = "<group>"; };
		DC9C48A9181E438700A92E20 /* OTMSettingsVC.h */ = {isa = PBXFileReference; fileEncoding = 4; lastKnownFileType = sourcecode.c.h; path = OTMSettingsVC.h; sourceTree = "<group>"; };
		DC9C48AA181E438700A92E20 /* OTMSettingsVC.m */ = {isa = PBXFileReference; fileEncoding = 4; lastKnownFileType = sourcecode.c.objc; path = OTMSettingsVC.m; sourceTree = "<group>"; };
		DC9C48AC181E471A00A92E20 /* MBProgressHUD.h */ = {isa = PBXFileReference; fileEncoding = 4; lastKnownFileType = sourcecode.c.h; path = MBProgressHUD.h; sourceTree = "<group>"; };
		DC9C48AD181E471A00A92E20 /* MBProgressHUD.m */ = {isa = PBXFileReference; fileEncoding = 4; lastKnownFileType = sourcecode.c.objc; path = MBProgressHUD.m; sourceTree = "<group>"; };
		DCA2281B17672A8A008C33B5 /* OTMhelper.h */ = {isa = PBXFileReference; fileEncoding = 4; lastKnownFileType = sourcecode.c.h; path = OTMhelper.h; sourceTree = "<group>"; };
		DCA2281C17672A8A008C33B5 /* OTMhelper.m */ = {isa = PBXFileReference; fileEncoding = 4; lastKnownFileType = sourcecode.c.objc; path = OTMhelper.m; sourceTree = "<group>"; };
		DCA2281E17672C0C008C33B5 /* OTMLoginViewController.h */ = {isa = PBXFileReference; fileEncoding = 4; lastKnownFileType = sourcecode.c.h; path = OTMLoginViewController.h; sourceTree = "<group>"; };
		DCA2281F17672C0C008C33B5 /* OTMLoginViewController.mm */ = {isa = PBXFileReference; fileEncoding = 4; lastKnownFileType = sourcecode.cpp.objcpp; path = OTMLoginViewController.mm; sourceTree = "<group>"; };
		DCA2282317672C6F008C33B5 /* History.h */ = {isa = PBXFileReference; fileEncoding = 4; lastKnownFileType = sourcecode.c.h; path = History.h; sourceTree = "<group>"; };
		DCA2282417672C6F008C33B5 /* History.m */ = {isa = PBXFileReference; fileEncoding = 4; lastKnownFileType = sourcecode.c.objc; path = History.m; sourceTree = "<group>"; };
		DCA2282617672C6F008C33B5 /* MedPackage.h */ = {isa = PBXFileReference; fileEncoding = 4; lastKnownFileType = sourcecode.c.h; path = MedPackage.h; sourceTree = "<group>"; };
		DCA2282717672C6F008C33B5 /* MedPackage.m */ = {isa = PBXFileReference; fileEncoding = 4; lastKnownFileType = sourcecode.c.objc; path = MedPackage.m; sourceTree = "<group>"; };
		DCA2282917672C6F008C33B5 /* User.h */ = {isa = PBXFileReference; fileEncoding = 4; lastKnownFileType = sourcecode.c.h; path = User.h; sourceTree = "<group>"; };
		DCA2282A17672C6F008C33B5 /* User.m */ = {isa = PBXFileReference; fileEncoding = 4; lastKnownFileType = sourcecode.c.objc; path = User.m; sourceTree = "<group>"; };
		DCC02B9D17D99C3D002954E6 /* NSDate-Utilities.h */ = {isa = PBXFileReference; fileEncoding = 4; lastKnownFileType = sourcecode.c.h; path = "NSDate-Utilities.h"; sourceTree = "<group>"; };
		DCC02B9E17D99C3D002954E6 /* NSDate-Utilities.m */ = {isa = PBXFileReference; fileEncoding = 4; lastKnownFileType = sourcecode.c.objc; path = "NSDate-Utilities.m"; sourceTree = "<group>"; };
		DCC02BA017D9A903002954E6 /* ScheduleViewController.h */ = {isa = PBXFileReference; fileEncoding = 4; lastKnownFileType = sourcecode.c.h; path = ScheduleViewController.h; sourceTree = "<group>"; };
		DCC02BA117D9A903002954E6 /* ScheduleViewController.m */ = {isa = PBXFileReference; fileEncoding = 4; lastKnownFileType = sourcecode.c.objc; path = ScheduleViewController.m; sourceTree = "<group>"; };
/* End PBXFileReference section */

/* Begin PBXFrameworksBuildPhase section */
		BDAED0B416D002E800D220F7 /* Frameworks */ = {
			isa = PBXFrameworksBuildPhase;
			buildActionMask = 2147483647;
			files = (
				DC1102D61761B04000F3CCFF /* CoreData.framework in Frameworks */,
				3CE76614171CEE4A00CD3948 /* libz.dylib in Frameworks */,
				3CE76612171CE9CC00CD3948 /* AssetsLibrary.framework in Frameworks */,
				3C003CAF171BCF7700D1EE4F /* OpenCV.framework in Frameworks */,
				BDAED11516D0080B00D220F7 /* CoreFoundation.framework in Frameworks */,
				BDAED11316D007FE00D220F7 /* AVFoundation.framework in Frameworks */,
				BDAED11116D007B000D220F7 /* libiconv.dylib in Frameworks */,
				BDAED10B16D0076000D220F7 /* CoreImage.framework in Frameworks */,
				BDAED10916D0071F00D220F7 /* QuartzCore.framework in Frameworks */,
				BDAED10716D0071500D220F7 /* CoreVideo.framework in Frameworks */,
				BDAED10516D0070800D220F7 /* CoreMedia.framework in Frameworks */,
				BDAED0BC16D002E800D220F7 /* UIKit.framework in Frameworks */,
				BDAED0BE16D002E800D220F7 /* Foundation.framework in Frameworks */,
				BDAED0C016D002E800D220F7 /* CoreGraphics.framework in Frameworks */,
				BDAED0FF16D006B700D220F7 /* libzbar.a in Frameworks */,
				3CAB017D1750422900FC6CC1 /* libcvlibbase.a in Frameworks */,
				DC1102331761AE0D00F3CCFF /* libTestFlight.a in Frameworks */,
			);
			runOnlyForDeploymentPostprocessing = 0;
		};
/* End PBXFrameworksBuildPhase section */

/* Begin PBXGroup section */
		3C003919171B948800D1EE4F /* cvlibbase */ = {
			isa = PBXGroup;
			children = (
				3CB6480B174F4D9400584032 /* lib */,
				3C00391A171B948800D1EE4F /* Inc */,
			);
			path = cvlibbase;
			sourceTree = SOURCE_ROOT;
		};
		3C00391A171B948800D1EE4F /* Inc */ = {
			isa = PBXGroup;
			children = (
				3CB09E48175373710030499A /* AutoBuffer.h */,
				3C00391B171B948800D1EE4F /* _cvlibbase.h */,
				3C00391C171B948800D1EE4F /* Algorithm.h */,
				3C00391D171B948800D1EE4F /* BitOperation.h */,
				3C00391E171B948800D1EE4F /* CholeskyDecomposition.h */,
				3C00391F171B948800D1EE4F /* CoImage.h */,
				3C003920171B948800D1EE4F /* CoImageBMP.h */,
				3C003921171B948800D1EE4F /* CoImageCFG.h */,
				3C003922171B948800D1EE4F /* CoImageDef.h */,
				3C003927171B948800D1EE4F /* CommandLineParameters.h */,
				3C003928171B948800D1EE4F /* cvlibbaseDef.h */,
				3C003929171B948800D1EE4F /* cvlibbaseVersion.h */,
				3C00392A171B948800D1EE4F /* cvlibmacros.h */,
				3C00392B171B948800D1EE4F /* cvlibMalloc.h */,
				3C00392C171B948800D1EE4F /* cvliboperation.h */,
				3C00392D171B948800D1EE4F /* cvlibstructs.h */,
				3C00392E171B948800D1EE4F /* cvlibutil.h */,
				3C00392F171B948800D1EE4F /* EigenvalueDecomposition.h */,
				3C003930171B948800D1EE4F /* Exception.h */,
				3C003931171B948800D1EE4F /* FileFinder.h */,
				3C003932171B948800D1EE4F /* Graph.h */,
				3C003933171B948800D1EE4F /* ImageIter.h */,
				3C003934171B948800D1EE4F /* IniFile.h */,
				3C003935171B948800D1EE4F /* LUDecomposition.h */,
				3C003936171B948800D1EE4F /* Mat.h */,
				3C003937171B948800D1EE4F /* mat3.h */,
				3C003938171B948800D1EE4F /* MathLib.h */,
				3C003939171B948800D1EE4F /* MatLib.h */,
				3C00393A171B948800D1EE4F /* MatOperation.h */,
				3C00393B171B948800D1EE4F /* MintErrCode.h */,
				3C00393C171B948800D1EE4F /* News.h */,
				3C00393D171B948800D1EE4F /* Object.h */,
				3C00393E171B948800D1EE4F /* ParamABC.h */,
				3C00393F171B948800D1EE4F /* Plex.h */,
				3C003940171B948800D1EE4F /* PtrArray.h */,
				3C003941171B948800D1EE4F /* PtrHash.h */,
				3C003942171B948800D1EE4F /* PtrList.h */,
				3C003943171B948800D1EE4F /* PtrQueue.h */,
				3C003944171B948800D1EE4F /* PumpABC.h */,
				3C003945171B948800D1EE4F /* QRDecomposition.h */,
				3C003946171B948800D1EE4F /* Queue.h */,
				3C003947171B948800D1EE4F /* Random.h */,
				3C003948171B948800D1EE4F /* SingularValueDecomposition.h */,
				3C003949171B948800D1EE4F /* SString.h */,
				3C00394A171B948800D1EE4F /* Statistics.h */,
				3C00394B171B948800D1EE4F /* StringArray.h */,
				3C00394C171B948800D1EE4F /* template.h */,
				3C00394D171B948800D1EE4F /* TemplateFactory.h */,
				3C00394E171B948800D1EE4F /* Timer.h */,
				3C00394F171B948800D1EE4F /* Tree.h */,
				3C003950171B948800D1EE4F /* Vec.h */,
				3C003951171B948800D1EE4F /* XFile.h */,
				3C003952171B948800D1EE4F /* XFileDisk.h */,
				3C003953171B948800D1EE4F /* XFileMem.h */,
				3C003954171B948800D1EE4F /* xMat.h */,
				3C003955171B948800D1EE4F /* xVec.h */,
			);
			path = Inc;
			sourceTree = "<group>";
		};
		3C003AD6171B948900D1EE4F /* zframe */ = {
			isa = PBXGroup;
			children = (
				3CAB012E1750421300FC6CC1 /* Src */,
				3CB6488C174F538A00584032 /* lib */,
				3C003AD7171B948900D1EE4F /* Inc */,
			);
			path = zframe;
			sourceTree = SOURCE_ROOT;
		};
		3C003AD7171B948900D1EE4F /* Inc */ = {
			isa = PBXGroup;
			children = (
				3CB09E4617536F980030499A /* PackageInfo.h */,
				3C003AD8171B948900D1EE4F /* ClassifierABC.h */,
				3C003AD9171B948900D1EE4F /* ColorSpace.h */,
				3C003ADA171B948900D1EE4F /* FrameDetector.h */,
				3C003ADB171B948900D1EE4F /* ImageList.h */,
				3C003ADC171B948900D1EE4F /* ipCoreABC.h */,
				3C003ADD171B948900D1EE4F /* ipTransformation.h */,
				3C003ADE171B948900D1EE4F /* RectangleDetectFromPatternPos.h */,
				3C003ADF171B948900D1EE4F /* Regressor.h */,
				3C003AE0171B948900D1EE4F /* TriangleModel.h */,
				3C003AE1171B948900D1EE4F /* Warping.h */,
			);
			path = Inc;
			sourceTree = "<group>";
		};
		3CAB00C91750332A00FC6CC1 /* Resource */ = {
			isa = PBXGroup;
			children = (
				3CAB00CA1750332A00FC6CC1 /* beep-7.mp3 */,
			);
			name = Resource;
			path = ExtractPack/Resource;
			sourceTree = "<group>";
		};
		3CAB012E1750421300FC6CC1 /* Src */ = {
			isa = PBXGroup;
			children = (
				3CB09E4317536F8C0030499A /* PackageInfo.cpp */,
				3CB09E4417536F8C0030499A /* thresh.h */,
				3CAB012F1750421300FC6CC1 /* Canny.cpp */,
				3CAB01301750421400FC6CC1 /* Canny.h */,
				3CAB01311750421400FC6CC1 /* ClassifierABC.cpp */,
				3CAB01321750421400FC6CC1 /* ColorSpace.cpp */,
				3CAB01331750421400FC6CC1 /* Contours.cpp */,
				3CAB01341750421400FC6CC1 /* Contours.h */,
				3CAB01351750421400FC6CC1 /* DataSet.cpp */,
				3CAB01361750421400FC6CC1 /* DataSet.h */,
				3CAB01371750421400FC6CC1 /* Engine.cpp */,
				3CAB01381750421400FC6CC1 /* Engine.h */,
				3CAB01391750421400FC6CC1 /* FindContour.cpp */,
				3CAB013A1750421400FC6CC1 /* FindContour.h */,
				3CAB013B1750421400FC6CC1 /* FrameDetector.cpp */,
				3CAB013C1750421400FC6CC1 /* GaussianFilter.cpp */,
				3CAB013D1750421400FC6CC1 /* GaussianFilter.h */,
				3CAB013E1750421400FC6CC1 /* Histogram.cpp */,
				3CAB013F1750421400FC6CC1 /* Histogram.h */,
				3CAB01401750421400FC6CC1 /* ImageList.cpp */,
				3CAB01411750421400FC6CC1 /* ImageList.h */,
				3CAB01421750421400FC6CC1 /* ImgProc.cpp */,
				3CAB01431750421400FC6CC1 /* ImgProc.h */,
				3CAB01441750421400FC6CC1 /* IntegralImage.cpp */,
				3CAB01451750421400FC6CC1 /* IntegralImage.h */,
				3CAB01461750421400FC6CC1 /* ipCoreABC.cpp */,
				3CAB01471750421400FC6CC1 /* ipFilter.cpp */,
				3CAB01481750421400FC6CC1 /* ipFilter.h */,
				3CAB01491750421400FC6CC1 /* ipMedian.cpp */,
				3CAB014A1750421400FC6CC1 /* ipMedian.h */,
				3CAB014B1750421400FC6CC1 /* ipMorphology.cpp */,
				3CAB014C1750421400FC6CC1 /* ipMorphology.h */,
				3CAB014D1750421400FC6CC1 /* ipThreshold.cpp */,
				3CAB014E1750421400FC6CC1 /* ipThreshold.h */,
				3CAB014F1750421400FC6CC1 /* ipTransformation.cpp */,
				3CAB01501750421400FC6CC1 /* RectangleDetectFromPatternPos.cpp */,
				3CAB01511750421400FC6CC1 /* Regressor.cpp */,
				3CAB01521750421400FC6CC1 /* RegressorTrainer.cpp */,
				3CAB01531750421400FC6CC1 /* RegressorTrainer.h */,
				3CAB01541750421400FC6CC1 /* ScaleXY.cpp */,
				3CAB01551750421400FC6CC1 /* ScaleXY.h */,
				3CAB01561750421400FC6CC1 /* Sobel.cpp */,
				3CAB01571750421400FC6CC1 /* Sobel.h */,
				3CAB01581750421400FC6CC1 /* SparseMat.cpp */,
				3CAB01591750421400FC6CC1 /* SparseMat.h */,
				3CAB015A1750421400FC6CC1 /* thining.cpp */,
				3CAB015B1750421400FC6CC1 /* thining.h */,
				3CAB015C1750421400FC6CC1 /* Thresh.cpp */,
				3CAB015D1750421400FC6CC1 /* TriangleModel.cpp */,
				3CAB015E1750421400FC6CC1 /* Warping.cpp */,
			);
			path = Src;
			sourceTree = "<group>";
		};
		3CB6480B174F4D9400584032 /* lib */ = {
			isa = PBXGroup;
			children = (
				3CAB017C1750422900FC6CC1 /* libcvlibbase.a */,
			);
			path = lib;
			sourceTree = "<group>";
		};
		3CB6488C174F538A00584032 /* lib */ = {
			isa = PBXGroup;
			children = (
			);
			path = lib;
			sourceTree = "<group>";
		};
		BDAED0AC16D002E800D220F7 = {
			isa = PBXGroup;
			children = (
				DC9C489D181D29E600A92E20 /* Storyboard.storyboard */,
				DC11022D1761ADF700F3CCFF /* externals */,
				DC1102261761ADD100F3CCFF /* helpers */,
				3CAB00C91750332A00FC6CC1 /* Resource */,
				3CFE28A4170C25C60099960D /* Default-568h@2x.png */,
				BDAED0C116D002E800D220F7 /* ExtractPack */,
				BDAED0BA16D002E800D220F7 /* Frameworks */,
				BDAED0B816D002E800D220F7 /* Products */,
			);
			sourceTree = "<group>";
		};
		BDAED0B816D002E800D220F7 /* Products */ = {
			isa = PBXGroup;
			children = (
				BDAED0B716D002E800D220F7 /* ExtractPack.app */,
			);
			name = Products;
			sourceTree = "<group>";
		};
		BDAED0BA16D002E800D220F7 /* Frameworks */ = {
			isa = PBXGroup;
			children = (
				DC1102D51761B04000F3CCFF /* CoreData.framework */,
				3CE76613171CEE4A00CD3948 /* libz.dylib */,
				3CE76611171CE9CC00CD3948 /* AssetsLibrary.framework */,
				3C003CAE171BCF7600D1EE4F /* OpenCV.framework */,
				BDAED11416D0080B00D220F7 /* CoreFoundation.framework */,
				BDAED11216D007FE00D220F7 /* AVFoundation.framework */,
				BDAED11016D007B000D220F7 /* libiconv.dylib */,
				BDAED10A16D0076000D220F7 /* CoreImage.framework */,
				BDAED10816D0071F00D220F7 /* QuartzCore.framework */,
				BDAED10616D0071500D220F7 /* CoreVideo.framework */,
				BDAED10416D0070800D220F7 /* CoreMedia.framework */,
				BDAED0BB16D002E800D220F7 /* UIKit.framework */,
				BDAED0BD16D002E800D220F7 /* Foundation.framework */,
				BDAED0BF16D002E800D220F7 /* CoreGraphics.framework */,
			);
			name = Frameworks;
			sourceTree = "<group>";
		};
		BDAED0C116D002E800D220F7 /* ExtractPack */ = {
			isa = PBXGroup;
			children = (
				3CB09E471753704A0030499A /* zframe.h */,
				3C003919171B948800D1EE4F /* cvlibbase */,
				3C003AD6171B948900D1EE4F /* zframe */,
				BDAED0E116D006B700D220F7 /* ZBarSDK */,
				BDAED0D816D0039700D220F7 /* Classes */,
				DC9C489B181D273B00A92E20 /* Images.xcassets */,
				BDAED0C216D002E800D220F7 /* Supporting Files */,
			);
			path = ExtractPack;
			sourceTree = "<group>";
		};
		BDAED0C216D002E800D220F7 /* Supporting Files */ = {
			isa = PBXGroup;
			children = (
				DCA2282C17672C75008C33B5 /* Model */,
				DC1102D21761AFEB00F3CCFF /* Model.xcdatamodeld */,
				DC18CBDD1768745A005A0903 /* User.h */,
				DC18CBDE1768745A005A0903 /* User.m */,
				BDAED0C316D002E800D220F7 /* ExtractPack-Info.plist */,
				BDAED0C416D002E800D220F7 /* InfoPlist.strings */,
				BDAED0C716D002E800D220F7 /* main.mm */,
				BDAED0C916D002E800D220F7 /* ExtractPack-Prefix.pch */,
			);
			name = "Supporting Files";
			sourceTree = "<group>";
		};
		BDAED0D816D0039700D220F7 /* Classes */ = {
			isa = PBXGroup;
			children = (
				DC1102D11761AF0D00F3CCFF /* Extra */,
				DC1102B41761AEBE00F3CCFF /* MED */,
				BDAED0D916D0039700D220F7 /* ExtractPackAppDelegate.h */,
				BDAED0DA16D0039700D220F7 /* ExtractPackAppDelegate.mm */,
			);
			path = Classes;
			sourceTree = "<group>";
		};
		BDAED0E116D006B700D220F7 /* ZBarSDK */ = {
			isa = PBXGroup;
			children = (
				BDAED0E216D006B700D220F7 /* Headers */,
				BDAED0F916D006B700D220F7 /* libzbar.a */,
				BDAED0FA16D006B700D220F7 /* Resources */,
			);
			path = ZBarSDK;
			sourceTree = "<group>";
		};
		BDAED0E216D006B700D220F7 /* Headers */ = {
			isa = PBXGroup;
			children = (
				BDAED0E316D006B700D220F7 /* ZBarSDK */,
			);
			path = Headers;
			sourceTree = "<group>";
		};
		BDAED0E316D006B700D220F7 /* ZBarSDK */ = {
			isa = PBXGroup;
			children = (
				BDAED0E416D006B700D220F7 /* zbar */,
				BDAED0EE16D006B700D220F7 /* zbar.h */,
				BDAED0EF16D006B700D220F7 /* ZBarCameraSimulator.h */,
				BDAED0F016D006B700D220F7 /* ZBarCaptureReader.h */,
				BDAED0F116D006B700D220F7 /* ZBarHelpController.h */,
				BDAED0F216D006B700D220F7 /* ZBarImage.h */,
				BDAED0F316D006B700D220F7 /* ZBarImageScanner.h */,
				BDAED0F416D006B700D220F7 /* ZBarReaderController.h */,
				BDAED0F516D006B700D220F7 /* ZBarReaderView.h */,
				BDAED0F616D006B700D220F7 /* ZBarReaderViewController.h */,
				BDAED0F716D006B700D220F7 /* ZBarSDK.h */,
				BDAED0F816D006B700D220F7 /* ZBarSymbol.h */,
			);
			path = ZBarSDK;
			sourceTree = "<group>";
		};
		BDAED0E416D006B700D220F7 /* zbar */ = {
			isa = PBXGroup;
			children = (
				BDAED0E516D006B700D220F7 /* Decoder.h */,
				BDAED0E616D006B700D220F7 /* Exception.h */,
				BDAED0E716D006B700D220F7 /* Image.h */,
				BDAED0E816D006B700D220F7 /* ImageScanner.h */,
				BDAED0E916D006B700D220F7 /* Processor.h */,
				BDAED0EA16D006B700D220F7 /* Scanner.h */,
				BDAED0EB16D006B700D220F7 /* Symbol.h */,
				BDAED0EC16D006B700D220F7 /* Video.h */,
				BDAED0ED16D006B700D220F7 /* Window.h */,
			);
			path = zbar;
			sourceTree = "<group>";
		};
		BDAED0FA16D006B700D220F7 /* Resources */ = {
			isa = PBXGroup;
			children = (
				BDAED0FB16D006B700D220F7 /* zbar-back.png */,
				BDAED0FC16D006B700D220F7 /* zbar-help.html */,
				BDAED0FD16D006B700D220F7 /* zbar-helpicons.png */,
				BDAED0FE16D006B700D220F7 /* zbar-samples.png */,
			);
			path = Resources;
			sourceTree = "<group>";
		};
		DC1102261761ADD100F3CCFF /* helpers */ = {
			isa = PBXGroup;
			children = (
				DC9C48AC181E471A00A92E20 /* MBProgressHUD.h */,
				DC9C48AD181E471A00A92E20 /* MBProgressHUD.m */,
				DC6C731D17D9B07A004F012B /* DKADefines.h */,
				DC6C731A17D9AFC4004F012B /* CKCalendarView.h */,
				DC6C731B17D9AFC4004F012B /* CKCalendarView.m */,
				DCC02B9D17D99C3D002954E6 /* NSDate-Utilities.h */,
				DCC02B9E17D99C3D002954E6 /* NSDate-Utilities.m */,
				DC1102291761ADE900F3CCFF /* NSManagedObject+NWCoreDataHelper.h */,
				DC11022A1761ADE900F3CCFF /* NSManagedObject+NWCoreDataHelper.m */,
				DC1102E71761FDE700F3CCFF /* MEDNetworkHelper.h */,
				DC1102E81761FDE700F3CCFF /* MEDNetworkHelper.m */,
				DCA2281B17672A8A008C33B5 /* OTMhelper.h */,
				DCA2281C17672A8A008C33B5 /* OTMhelper.m */,
				DC6C731717D9AE24004F012B /* Schedule.h */,
				DC6C731817D9AE24004F012B /* Schedule.m */,
			);
			name = helpers;
			sourceTree = "<group>";
		};
		DC11022D1761ADF700F3CCFF /* externals */ = {
			isa = PBXGroup;
			children = (
				DC1102EA1761FE3E00F3CCFF /* AFNetworking */,
				DC11022E1761ADFE00F3CCFF /* testflight */,
			);
			name = externals;
			sourceTree = "<group>";
		};
		DC11022E1761ADFE00F3CCFF /* testflight */ = {
			isa = PBXGroup;
			children = (
				DC11022F1761AE0D00F3CCFF /* libTestFlight.a */,
				DC1102301761AE0D00F3CCFF /* README.md */,
				DC1102311761AE0D00F3CCFF /* release_notes.md */,
				DC1102321761AE0D00F3CCFF /* TestFlight.h */,
			);
			name = testflight;
			sourceTree = "<group>";
		};
		DC1102B41761AEBE00F3CCFF /* MED */ = {
			isa = PBXGroup;
			children = (
				DC9C48A8181E436600A92E20 /* Settings */,
				DC9C48A7181E350600A92E20 /* Schedule */,
				DC9C48A3181E32F600A92E20 /* Medications */,
				DC9C489F181E277C00A92E20 /* Login and Tabbar */,
			);
			name = MED;
			sourceTree = "<group>";
		};
		DC1102D11761AF0D00F3CCFF /* Extra */ = {
			isa = PBXGroup;
			children = (
				3CF399931759675300BC5B75 /* CaptureScreenViewController.h */,
				3CF399941759675300BC5B75 /* CaptureScreenViewController.mm */,
				3CF39991175966A400BC5B75 /* CaptureScreenViewController.xib */,
				BDAED0DB16D0039700D220F7 /* ExtractPackViewController.h */,
				BDAED0DC16D0039700D220F7 /* ExtractPackViewController.mm */,
				BDAED0DF16D003C200D220F7 /* ExtractPackViewController.xib */,
				3CC51CE4175489EE00D6BCFA /* MainViewController.h */,
				3CC51CE5175489EF00D6BCFA /* MainViewController.mm */,
				3CC51CF11754F41400D6BCFA /* MainViewController.xib */,
				3CAB00C41750292400FC6CC1 /* FrameViewController.h */,
				3CAB00C51750292400FC6CC1 /* FrameViewController.mm */,
				3CAB00C61750292400FC6CC1 /* FrameViewController.xib */,
				BDA485C416DFA5CE00E23456 /* CaptureViewController.h */,
				BDA485C516DFA5CE00E23456 /* CaptureViewController.mm */,
				BDA485C616DFA5CE00E23456 /* CaptureViewController.xib */,
			);
			name = Extra;
			sourceTree = "<group>";
		};
		DC1102EA1761FE3E00F3CCFF /* AFNetworking */ = {
			isa = PBXGroup;
			children = (
				DC1102EB1761FE3E00F3CCFF /* AFHTTPClient.h */,
				DC1102EC1761FE3E00F3CCFF /* AFHTTPClient.m */,
				DC1102ED1761FE3E00F3CCFF /* AFHTTPRequestOperation.h */,
				DC1102EE1761FE3E00F3CCFF /* AFHTTPRequestOperation.m */,
				DC1102EF1761FE3E00F3CCFF /* AFImageRequestOperation.h */,
				DC1102F01761FE3E00F3CCFF /* AFImageRequestOperation.m */,
				DC1102F11761FE3E00F3CCFF /* AFJSONRequestOperation.h */,
				DC1102F21761FE3E00F3CCFF /* AFJSONRequestOperation.m */,
				DC1102F31761FE3E00F3CCFF /* AFNetworkActivityIndicatorManager.h */,
				DC1102F41761FE3E00F3CCFF /* AFNetworkActivityIndicatorManager.m */,
				DC1102F51761FE3E00F3CCFF /* AFNetworking.h */,
				DC1102F61761FE3E00F3CCFF /* AFPropertyListRequestOperation.h */,
				DC1102F71761FE3E00F3CCFF /* AFPropertyListRequestOperation.m */,
				DC1102F81761FE3E00F3CCFF /* AFURLConnectionOperation.h */,
				DC1102F91761FE3E00F3CCFF /* AFURLConnectionOperation.m */,
				DC1102FA1761FE3E00F3CCFF /* AFXMLRequestOperation.h */,
				DC1102FB1761FE3E00F3CCFF /* AFXMLRequestOperation.m */,
				DC1102FC1761FE3E00F3CCFF /* UIImageView+AFNetworking.h */,
				DC1102FD1761FE3E00F3CCFF /* UIImageView+AFNetworking.m */,
			);
			path = AFNetworking;
			sourceTree = "<group>";
		};
		DC9C489F181E277C00A92E20 /* Login and Tabbar */ = {
			isa = PBXGroup;
			children = (
				DCA2281E17672C0C008C33B5 /* OTMLoginViewController.h */,
				DCA2281F17672C0C008C33B5 /* OTMLoginViewController.mm */,
				DC9C48A0181E27AB00A92E20 /* OTMTabbarVC.h */,
				DC9C48A1181E27AB00A92E20 /* OTMTabbarVC.m */,
			);
			name = "Login and Tabbar";
			sourceTree = "<group>";
		};
		DC9C48A3181E32F600A92E20 /* Medications */ = {
			isa = PBXGroup;
			children = (
				DC9C48A4181E339A00A92E20 /* OTMMedicationsVC.h */,
				DC9C48A5181E339A00A92E20 /* OTMMedicationsVC.m */,
			);
			name = Medications;
			sourceTree = "<group>";
		};
		DC9C48A7181E350600A92E20 /* Schedule */ = {
			isa = PBXGroup;
			children = (
				DCC02BA017D9A903002954E6 /* ScheduleViewController.h */,
				DCC02BA117D9A903002954E6 /* ScheduleViewController.m */,
			);
			name = Schedule;
			sourceTree = "<group>";
		};
		DC9C48A8181E436600A92E20 /* Settings */ = {
			isa = PBXGroup;
			children = (
				DC9C48A9181E438700A92E20 /* OTMSettingsVC.h */,
				DC9C48AA181E438700A92E20 /* OTMSettingsVC.m */,
			);
			name = Settings;
			sourceTree = "<group>";
		};
		DCA2282C17672C75008C33B5 /* Model */ = {
			isa = PBXGroup;
			children = (
				DCA2282917672C6F008C33B5 /* User.h */,
				DCA2282A17672C6F008C33B5 /* User.m */,
				DCA2282617672C6F008C33B5 /* MedPackage.h */,
				DCA2282717672C6F008C33B5 /* MedPackage.m */,
				DCA2282317672C6F008C33B5 /* History.h */,
				DCA2282417672C6F008C33B5 /* History.m */,
			);
			name = Model;
			sourceTree = "<group>";
		};
/* End PBXGroup section */

/* Begin PBXNativeTarget section */
		BDAED0B616D002E800D220F7 /* ExtractPack */ = {
			isa = PBXNativeTarget;
			buildConfigurationList = BDAED0D516D002E800D220F7 /* Build configuration list for PBXNativeTarget "ExtractPack" */;
			buildPhases = (
				BDAED0B316D002E800D220F7 /* Sources */,
				BDAED0B416D002E800D220F7 /* Frameworks */,
				BDAED0B516D002E800D220F7 /* Resources */,
			);
			buildRules = (
			);
			dependencies = (
			);
			name = ExtractPack;
			productName = ExtractPack;
			productReference = BDAED0B716D002E800D220F7 /* ExtractPack.app */;
			productType = "com.apple.product-type.application";
		};
/* End PBXNativeTarget section */

/* Begin PBXProject section */
		BDAED0AE16D002E800D220F7 /* Project object */ = {
			isa = PBXProject;
			attributes = {
				CLASSPREFIX = ExtractPack;
				LastUpgradeCheck = 0500;
				ORGANIZATIONNAME = ChangShiYuan;
			};
			buildConfigurationList = BDAED0B116D002E800D220F7 /* Build configuration list for PBXProject "ExtractPack" */;
			compatibilityVersion = "Xcode 3.2";
			developmentRegion = English;
			hasScannedForEncodings = 0;
			knownRegions = (
				en,
			);
			mainGroup = BDAED0AC16D002E800D220F7;
			productRefGroup = BDAED0B816D002E800D220F7 /* Products */;
			projectDirPath = "";
			projectRoot = "";
			targets = (
				BDAED0B616D002E800D220F7 /* ExtractPack */,
			);
		};
/* End PBXProject section */

/* Begin PBXResourcesBuildPhase section */
		BDAED0B516D002E800D220F7 /* Resources */ = {
			isa = PBXResourcesBuildPhase;
			buildActionMask = 2147483647;
			files = (
				BDAED0C616D002E800D220F7 /* InfoPlist.strings in Resources */,
				BDAED0E016D003C200D220F7 /* ExtractPackViewController.xib in Resources */,
				BDAED10016D006B700D220F7 /* zbar-back.png in Resources */,
				DC9C489E181D29E600A92E20 /* Storyboard.storyboard in Resources */,
				BDAED10116D006B700D220F7 /* zbar-help.html in Resources */,
				BDAED10216D006B700D220F7 /* zbar-helpicons.png in Resources */,
				BDAED10316D006B700D220F7 /* zbar-samples.png in Resources */,
				BDA485C816DFA5CE00E23456 /* CaptureViewController.xib in Resources */,
				3CFE28A5170C25C60099960D /* Default-568h@2x.png in Resources */,
				3CAB00C81750292400FC6CC1 /* FrameViewController.xib in Resources */,
				DC9C489C181D273B00A92E20 /* Images.xcassets in Resources */,
				3CAB00CB1750332A00FC6CC1 /* beep-7.mp3 in Resources */,
				3CC51CF21754F41400D6BCFA /* MainViewController.xib in Resources */,
				3CF39992175966A400BC5B75 /* CaptureScreenViewController.xib in Resources */,
				DC1102341761AE0D00F3CCFF /* README.md in Resources */,
				DC1102351761AE0D00F3CCFF /* release_notes.md in Resources */,
			);
			runOnlyForDeploymentPostprocessing = 0;
		};
/* End PBXResourcesBuildPhase section */

/* Begin PBXSourcesBuildPhase section */
		BDAED0B316D002E800D220F7 /* Sources */ = {
			isa = PBXSourcesBuildPhase;
			buildActionMask = 2147483647;
			files = (
				BDAED0C816D002E800D220F7 /* main.mm in Sources */,
				BDAED0DD16D0039700D220F7 /* ExtractPackAppDelegate.mm in Sources */,
				BDAED0DE16D0039700D220F7 /* ExtractPackViewController.mm in Sources */,
				BDA485C716DFA5CE00E23456 /* CaptureViewController.mm in Sources */,
				3CAB00C71750292400FC6CC1 /* FrameViewController.mm in Sources */,
				3CAB015F1750421400FC6CC1 /* Canny.cpp in Sources */,
				3CAB01601750421400FC6CC1 /* ClassifierABC.cpp in Sources */,
				3CAB01611750421400FC6CC1 /* ColorSpace.cpp in Sources */,
				3CAB01621750421400FC6CC1 /* Contours.cpp in Sources */,
				3CAB01631750421400FC6CC1 /* DataSet.cpp in Sources */,
				3CAB01641750421400FC6CC1 /* Engine.cpp in Sources */,
				3CAB01651750421400FC6CC1 /* FindContour.cpp in Sources */,
				3CAB01661750421400FC6CC1 /* FrameDetector.cpp in Sources */,
				3CAB01671750421400FC6CC1 /* GaussianFilter.cpp in Sources */,
				3CAB01681750421400FC6CC1 /* Histogram.cpp in Sources */,
				3CAB01691750421400FC6CC1 /* ImageList.cpp in Sources */,
				3CAB016A1750421400FC6CC1 /* ImgProc.cpp in Sources */,
				3CAB016B1750421400FC6CC1 /* IntegralImage.cpp in Sources */,
				3CAB016C1750421400FC6CC1 /* ipCoreABC.cpp in Sources */,
				3CAB016D1750421400FC6CC1 /* ipFilter.cpp in Sources */,
				3CAB016E1750421400FC6CC1 /* ipMedian.cpp in Sources */,
				3CAB016F1750421400FC6CC1 /* ipMorphology.cpp in Sources */,
				3CAB01701750421400FC6CC1 /* ipThreshold.cpp in Sources */,
				3CAB01711750421400FC6CC1 /* ipTransformation.cpp in Sources */,
				3CAB01721750421400FC6CC1 /* RectangleDetectFromPatternPos.cpp in Sources */,
				3CAB01731750421400FC6CC1 /* Regressor.cpp in Sources */,
				3CAB01741750421400FC6CC1 /* RegressorTrainer.cpp in Sources */,
				3CAB01751750421400FC6CC1 /* ScaleXY.cpp in Sources */,
				3CAB01761750421400FC6CC1 /* Sobel.cpp in Sources */,
				3CAB01771750421400FC6CC1 /* SparseMat.cpp in Sources */,
				DC6C731C17D9AFC4004F012B /* CKCalendarView.m in Sources */,
				3CAB01781750421400FC6CC1 /* thining.cpp in Sources */,
				3CAB01791750421400FC6CC1 /* Thresh.cpp in Sources */,
				3CAB017A1750421400FC6CC1 /* TriangleModel.cpp in Sources */,
				3CAB017B1750421400FC6CC1 /* Warping.cpp in Sources */,
				3CB09E4517536F8C0030499A /* PackageInfo.cpp in Sources */,
				3CC51CE6175489EF00D6BCFA /* MainViewController.mm in Sources */,
				3CF399951759675300BC5B75 /* CaptureScreenViewController.mm in Sources */,
				DC11022C1761ADE900F3CCFF /* NSManagedObject+NWCoreDataHelper.m in Sources */,
				DC9C48A6181E339A00A92E20 /* OTMMedicationsVC.m in Sources */,
				DC9C48AB181E438700A92E20 /* OTMSettingsVC.m in Sources */,
				DC6C731917D9AE24004F012B /* Schedule.m in Sources */,
				DC1102D41761AFEB00F3CCFF /* Model.xcdatamodeld in Sources */,
				DC1102E91761FDE700F3CCFF /* MEDNetworkHelper.m in Sources */,
				DC1102FE1761FE3E00F3CCFF /* AFHTTPClient.m in Sources */,
				DC1102FF1761FE3E00F3CCFF /* AFHTTPRequestOperation.m in Sources */,
				DC1103001761FE3E00F3CCFF /* AFImageRequestOperation.m in Sources */,
				DC1103011761FE3E00F3CCFF /* AFJSONRequestOperation.m in Sources */,
				DC9C48A2181E27AB00A92E20 /* OTMTabbarVC.m in Sources */,
				DC1103021761FE3E00F3CCFF /* AFNetworkActivityIndicatorManager.m in Sources */,
				DC1103031761FE3E00F3CCFF /* AFPropertyListRequestOperation.m in Sources */,
				DC1103041761FE3E00F3CCFF /* AFURLConnectionOperation.m in Sources */,
				DC1103051761FE3E00F3CCFF /* AFXMLRequestOperation.m in Sources */,
				DC1103061761FE3E00F3CCFF /* UIImageView+AFNetworking.m in Sources */,
				DCA2281D17672A8A008C33B5 /* OTMhelper.m in Sources */,
				DCA2282117672C0C008C33B5 /* OTMLoginViewController.mm in Sources */,
				DCA2282517672C6F008C33B5 /* History.m in Sources */,
				DCA2282817672C6F008C33B5 /* MedPackage.m in Sources */,
				DCA2282B17672C6F008C33B5 /* User.m in Sources */,
				DC9C48AE181E471A00A92E20 /* MBProgressHUD.m in Sources */,
				DCC02B9F17D99C3D002954E6 /* NSDate-Utilities.m in Sources */,
				DCC02BA317D9A903002954E6 /* ScheduleViewController.m in Sources */,
			);
			runOnlyForDeploymentPostprocessing = 0;
		};
/* End PBXSourcesBuildPhase section */

/* Begin PBXVariantGroup section */
		BDAED0C416D002E800D220F7 /* InfoPlist.strings */ = {
			isa = PBXVariantGroup;
			children = (
				BDAED0C516D002E800D220F7 /* en */,
			);
			name = InfoPlist.strings;
			sourceTree = "<group>";
		};
/* End PBXVariantGroup section */

/* Begin XCBuildConfiguration section */
		BDAED0D316D002E800D220F7 /* Debug */ = {
			isa = XCBuildConfiguration;
			buildSettings = {
				ALWAYS_SEARCH_USER_PATHS = NO;
				CLANG_CXX_LANGUAGE_STANDARD = "gnu++0x";
				CLANG_WARN_BOOL_CONVERSION = YES;
				CLANG_WARN_CONSTANT_CONVERSION = YES;
				CLANG_WARN_EMPTY_BODY = YES;
				CLANG_WARN_ENUM_CONVERSION = YES;
				CLANG_WARN_INT_CONVERSION = YES;
				CLANG_WARN__DUPLICATE_METHOD_MATCH = YES;
				"CODE_SIGN_IDENTITY[sdk=iphoneos*]" = "iPhone Developer";
				COPY_PHASE_STRIP = NO;
				GCC_C_LANGUAGE_STANDARD = gnu99;
				GCC_DYNAMIC_NO_PIC = NO;
				GCC_OPTIMIZATION_LEVEL = 0;
				GCC_PREPROCESSOR_DEFINITIONS = (
					"DEBUG=1",
					"$(inherited)",
				);
				GCC_SYMBOLS_PRIVATE_EXTERN = NO;
				GCC_VERSION = "";
				GCC_WARN_ABOUT_RETURN_TYPE = YES;
				GCC_WARN_UNDECLARED_SELECTOR = YES;
				GCC_WARN_UNINITIALIZED_AUTOS = YES;
				GCC_WARN_UNUSED_FUNCTION = YES;
				GCC_WARN_UNUSED_VARIABLE = YES;
				IPHONEOS_DEPLOYMENT_TARGET = 6.0;
				ONLY_ACTIVE_ARCH = YES;
				SDKROOT = iphoneos;
			};
			name = Debug;
		};
		BDAED0D416D002E800D220F7 /* Release */ = {
			isa = XCBuildConfiguration;
			buildSettings = {
				ALWAYS_SEARCH_USER_PATHS = NO;
				CLANG_CXX_LANGUAGE_STANDARD = "gnu++0x";
				CLANG_WARN_BOOL_CONVERSION = YES;
				CLANG_WARN_CONSTANT_CONVERSION = YES;
				CLANG_WARN_EMPTY_BODY = YES;
				CLANG_WARN_ENUM_CONVERSION = YES;
				CLANG_WARN_INT_CONVERSION = YES;
				CLANG_WARN__DUPLICATE_METHOD_MATCH = YES;
				"CODE_SIGN_IDENTITY[sdk=iphoneos*]" = "iPhone Developer";
				COPY_PHASE_STRIP = YES;
				GCC_C_LANGUAGE_STANDARD = gnu99;
				GCC_VERSION = "";
				GCC_WARN_ABOUT_RETURN_TYPE = YES;
				GCC_WARN_UNDECLARED_SELECTOR = YES;
				GCC_WARN_UNINITIALIZED_AUTOS = YES;
				GCC_WARN_UNUSED_FUNCTION = YES;
				GCC_WARN_UNUSED_VARIABLE = YES;
				IPHONEOS_DEPLOYMENT_TARGET = 6.0;
				ONLY_ACTIVE_ARCH = YES;
				OTHER_CFLAGS = "-DNS_BLOCK_ASSERTIONS=1";
				SDKROOT = iphoneos;
				VALIDATE_PRODUCT = YES;
			};
			name = Release;
		};
		BDAED0D616D002E800D220F7 /* Debug */ = {
			isa = XCBuildConfiguration;
			buildSettings = {
				ASSETCATALOG_COMPILER_APPICON_NAME = AppIcon;
				ASSETCATALOG_COMPILER_LAUNCHIMAGE_NAME = LaunchImage;
				CLANG_CXX_LANGUAGE_STANDARD = "compiler-default";
				CLANG_CXX_LIBRARY = "libstdc++";
				CLANG_ENABLE_OBJC_ARC = YES;
				CLANG_WARN_CONSTANT_CONVERSION = NO;
				CLANG_WARN_ENUM_CONVERSION = NO;
				CLANG_WARN_INT_CONVERSION = NO;
				CLANG_WARN__DUPLICATE_METHOD_MATCH = NO;
				CODE_SIGN_IDENTITY = "iPhone Developer: Sergey Dikarev (M4J98HRQR2)";
				"CODE_SIGN_IDENTITY[sdk=iphoneos*]" = "iPhone Developer: Sergey Dikarev (M4J98HRQR2)";
				FRAMEWORK_SEARCH_PATHS = (
					"$(inherited)",
					"\"$(SRCROOT)\"",
				);
				GCC_INPUT_FILETYPE = sourcecode.cpp.objcpp;
				GCC_PRECOMPILE_PREFIX_HEADER = YES;
				GCC_PREFIX_HEADER = "ExtractPack/ExtractPack-Prefix.pch";
				GCC_PREPROCESSOR_DEFINITIONS = (
					"DEBUG=1",
					"$(inherited)",
					CVLIB_IMG_NOCODEC,
				);
				GCC_THUMB_SUPPORT = NO;
				GCC_VERSION = "";
				GCC_WARN_ABOUT_MISSING_PROTOTYPES = YES;
				GCC_WARN_UNINITIALIZED_AUTOS = NO;
				HEADER_SEARCH_PATHS = (
					"zframe/**",
					"cvlibbase/**",
					"../**",
				);
				INFOPLIST_FILE = "ExtractPack/ExtractPack-Info.plist";
				IPHONEOS_DEPLOYMENT_TARGET = 7.0;
				LIBRARY_SEARCH_PATHS = (
					"$(inherited)",
					"\"$(SRCROOT)/ExtractPack/ZBarSDK\"",
					"\"$(SRCROOT)/cvlib\"",
					"\"$(SRCROOT)/cvlibbase/lib\"",
					"\"$(SRCROOT)/zframe/lib\"",
					"\"$(SRCROOT)\"",
				);
				ONLY_ACTIVE_ARCH = NO;
				PRELINK_LIBS = "-lcvlibbase";
				PRODUCT_NAME = "$(TARGET_NAME)";
				PROVISIONING_PROFILE = "C14F1299-DE2D-4A62-9A82-97086AFEC3D1";
				"PROVISIONING_PROFILE[sdk=iphoneos*]" = "C14F1299-DE2D-4A62-9A82-97086AFEC3D1";
				TARGETED_DEVICE_FAMILY = 1;
				VALID_ARCHS = armv7;
				WRAPPER_EXTENSION = app;
			};
			name = Debug;
		};
		BDAED0D716D002E800D220F7 /* Release */ = {
			isa = XCBuildConfiguration;
			buildSettings = {
				ASSETCATALOG_COMPILER_APPICON_NAME = AppIcon;
				ASSETCATALOG_COMPILER_LAUNCHIMAGE_NAME = LaunchImage;
				CLANG_CXX_LANGUAGE_STANDARD = "compiler-default";
				CLANG_CXX_LIBRARY = "libstdc++";
				CLANG_ENABLE_OBJC_ARC = YES;
				CLANG_WARN_CONSTANT_CONVERSION = NO;
				CLANG_WARN_ENUM_CONVERSION = NO;
				CLANG_WARN_INT_CONVERSION = NO;
				CLANG_WARN__DUPLICATE_METHOD_MATCH = NO;
				CODE_SIGN_IDENTITY = "iPhone Developer: Sergey Dikarev (M4J98HRQR2)";
				"CODE_SIGN_IDENTITY[sdk=iphoneos*]" = "iPhone Developer: Sergey Dikarev (M4J98HRQR2)";
				FRAMEWORK_SEARCH_PATHS = (
					"$(inherited)",
					"\"$(SRCROOT)\"",
				);
				GCC_INPUT_FILETYPE = sourcecode.cpp.objcpp;
				GCC_PRECOMPILE_PREFIX_HEADER = YES;
				GCC_PREFIX_HEADER = "ExtractPack/ExtractPack-Prefix.pch";
				GCC_PREPROCESSOR_DEFINITIONS = CVLIB_IMG_NOCODEC;
				GCC_THUMB_SUPPORT = NO;
				GCC_VERSION = "";
				GCC_WARN_ABOUT_MISSING_PROTOTYPES = YES;
				GCC_WARN_UNINITIALIZED_AUTOS = NO;
				HEADER_SEARCH_PATHS = (
					"zframe/**",
					"cvlibbase/**",
					"../**",
				);
				INFOPLIST_FILE = "ExtractPack/ExtractPack-Info.plist";
				IPHONEOS_DEPLOYMENT_TARGET = 7.0;
				LIBRARY_SEARCH_PATHS = (
					"$(inherited)",
					"\"$(SRCROOT)/ExtractPack/ZBarSDK\"",
					"\"$(SRCROOT)/cvlib\"",
					"\"$(SRCROOT)/cvlibbase/lib\"",
					"\"$(SRCROOT)/zframe/lib\"",
					"\"$(SRCROOT)\"",
				);
				ONLY_ACTIVE_ARCH = NO;
				PRELINK_LIBS = "-lcvlibbase";
				PRODUCT_NAME = "$(TARGET_NAME)";
				PROVISIONING_PROFILE = "C14F1299-DE2D-4A62-9A82-97086AFEC3D1";
				"PROVISIONING_PROFILE[sdk=iphoneos*]" = "C14F1299-DE2D-4A62-9A82-97086AFEC3D1";
				TARGETED_DEVICE_FAMILY = 1;
				VALID_ARCHS = armv7;
				WRAPPER_EXTENSION = app;
			};
			name = Release;
		};
/* End XCBuildConfiguration section */

/* Begin XCConfigurationList section */
		BDAED0B116D002E800D220F7 /* Build configuration list for PBXProject "ExtractPack" */ = {
			isa = XCConfigurationList;
			buildConfigurations = (
				BDAED0D316D002E800D220F7 /* Debug */,
				BDAED0D416D002E800D220F7 /* Release */,
			);
			defaultConfigurationIsVisible = 0;
			defaultConfigurationName = Release;
		};
		BDAED0D516D002E800D220F7 /* Build configuration list for PBXNativeTarget "ExtractPack" */ = {
			isa = XCConfigurationList;
			buildConfigurations = (
				BDAED0D616D002E800D220F7 /* Debug */,
				BDAED0D716D002E800D220F7 /* Release */,
			);
			defaultConfigurationIsVisible = 0;
			defaultConfigurationName = Release;
		};
/* End XCConfigurationList section */

/* Begin XCVersionGroup section */
		DC1102D21761AFEB00F3CCFF /* Model.xcdatamodeld */ = {
			isa = XCVersionGroup;
			children = (
				DC76D87C17687360009ED71A /* Model 2.xcdatamodel */,
				DC1102D31761AFEB00F3CCFF /* Model.xcdatamodel */,
			);
			currentVersion = DC76D87C17687360009ED71A /* Model 2.xcdatamodel */;
			name = Model.xcdatamodeld;
			path = ../Model.xcdatamodeld;
			sourceTree = "<group>";
			versionGroupType = wrapper.xcdatamodel;
		};
/* End XCVersionGroup section */
	};
	rootObject = BDAED0AE16D002E800D220F7 /* Project object */;
}
